
Microsoft Visual Studio Solution File, Format Version 12.00
# Visual Studio 15
VisualStudioVersion = 15.0.26124.0
MinimumVisualStudioVersion = 15.0.26124.0
Project("{2150E333-8FDC-42A3-9474-1A3956D46DE8}") = "src", "src", "{019909B9-6692-4F84-B8B7-9744FEE1CD3D}"
EndProject
Project("{FAE04EC0-301F-11D3-BF4B-00C04F79EFBC}") = "Domain.Client", "src\domain.client\Domain.Client.csproj", "{9D5E5390-FEEA-4A08-A0D2-94B3A473C0A9}"
EndProject
Project("{FAE04EC0-301F-11D3-BF4B-00C04F79EFBC}") = "Domain.Client.Gprc", "src\Domain.Client.Gprc\Domain.Client.Gprc.csproj", "{1762F648-617B-48C4-982A-2290DCA7DC5A}"
EndProject
Project("{FAE04EC0-301F-11D3-BF4B-00C04F79EFBC}") = "Domain.Client.PS", "src\Domain.Client.PS\Domain.Client.PS.csproj", "{71D163E6-D74D-4D27-863C-DAEAF833FAD3}"
EndProject
Project("{FAE04EC0-301F-11D3-BF4B-00C04F79EFBC}") = "Domain.Contract", "src\Domain.Contract\Domain.Contract.csproj", "{D379C6CC-CF86-4FF0-AB06-E604D51FCB0F}"
EndProject
Project("{FAE04EC0-301F-11D3-BF4B-00C04F79EFBC}") = "Domain.Host", "src\Domain.Host\Domain.Host.csproj", "{E93F012A-9628-480B-B0D3-53D76FE9DC1C}"
EndProject
Project("{FAE04EC0-301F-11D3-BF4B-00C04F79EFBC}") = "Domain.Model", "src\Domain.Model\Domain.Model.csproj", "{256C6942-C9B5-4886-A2C5-568465FACEC1}"
EndProject
Project("{FAE04EC0-301F-11D3-BF4B-00C04F79EFBC}") = "Domain.Persistence", "src\Domain.Persistence\Domain.Persistence.csproj", "{BD690636-BE98-4E82-98D5-F56EBD28CB36}"
EndProject
Project("{FAE04EC0-301F-11D3-BF4B-00C04F79EFBC}") = "Domain.Service", "src\Domain.Service\Domain.Service.csproj", "{45B17F62-F23D-47A5-954E-B5B982BC6690}"
EndProject
Project("{FAE04EC0-301F-11D3-BF4B-00C04F79EFBC}") = "Domain.UI", "src\Domain.UI\Domain.UI.csproj", "{EBB50EC2-F36E-443E-AB71-F1C0074337C9}"
EndProject
Project("{2150E333-8FDC-42A3-9474-1A3956D46DE8}") = "test", "test", "{BDBDDCB7-5EEE-42A5-9070-5E25513A591B}"
EndProject
Project("{FAE04EC0-301F-11D3-BF4B-00C04F79EFBC}") = "Domain.Client.PS.Test", "test\Domain.Client.PS.test\Domain.Client.PS.Test.csproj", "{D85E122D-90DB-4499-B4B6-69A655B28047}"
EndProject
Project("{FAE04EC0-301F-11D3-BF4B-00C04F79EFBC}") = "domain.Contract.Test", "test\Domain.Contract.Test\domain.Contract.Test.csproj", "{53131D9B-3611-475E-9397-5EBFC20B9D6C}"
EndProject
Project("{FAE04EC0-301F-11D3-BF4B-00C04F79EFBC}") = "Domain.Host.Test", "test\Domain.Host.Test\Domain.Host.Test.csproj", "{B2414463-A446-4594-9936-C1F89E21A90D}"
EndProject
Project("{FAE04EC0-301F-11D3-BF4B-00C04F79EFBC}") = "Domain.Persistence.Test", "test\Domain.Persistence.Test\Domain.Persistence.Test.csproj", "{590366E1-942A-46EE-8C10-DDD2EAF0EB3E}"
EndProject
Project("{FAE04EC0-301F-11D3-BF4B-00C04F79EFBC}") = "Domain.Service.Test", "test\Domain.Service.Test\Domain.Service.Test.csproj", "{FDB011FA-012D-410D-8F78-908D190A3C45}"
EndProject
Project("{FAE04EC0-301F-11D3-BF4B-00C04F79EFBC}") = "Domain.UI.test", "test\Domain.UI.Test\Domain.UI.test.csproj", "{A9D87DDB-C498-449C-AEA5-63BE4F792ED6}"
EndProject
Global
	GlobalSection(SolutionConfigurationPlatforms) = preSolution
		Debug|Any CPU = Debug|Any CPU
		Debug|x64 = Debug|x64
		Debug|x86 = Debug|x86
		Release|Any CPU = Release|Any CPU
		Release|x64 = Release|x64
		Release|x86 = Release|x86
	EndGlobalSection
	GlobalSection(SolutionProperties) = preSolution
		HideSolutionNode = FALSE
	EndGlobalSection
	GlobalSection(ProjectConfigurationPlatforms) = postSolution
		{9D5E5390-FEEA-4A08-A0D2-94B3A473C0A9}.Debug|Any CPU.ActiveCfg = Debug|Any CPU
		{9D5E5390-FEEA-4A08-A0D2-94B3A473C0A9}.Debug|Any CPU.Build.0 = Debug|Any CPU
		{9D5E5390-FEEA-4A08-A0D2-94B3A473C0A9}.Debug|x64.ActiveCfg = Debug|Any CPU
		{9D5E5390-FEEA-4A08-A0D2-94B3A473C0A9}.Debug|x64.Build.0 = Debug|Any CPU
		{9D5E5390-FEEA-4A08-A0D2-94B3A473C0A9}.Debug|x86.ActiveCfg = Debug|Any CPU
		{9D5E5390-FEEA-4A08-A0D2-94B3A473C0A9}.Debug|x86.Build.0 = Debug|Any CPU
		{9D5E5390-FEEA-4A08-A0D2-94B3A473C0A9}.Release|Any CPU.ActiveCfg = Release|Any CPU
		{9D5E5390-FEEA-4A08-A0D2-94B3A473C0A9}.Release|Any CPU.Build.0 = Release|Any CPU
		{9D5E5390-FEEA-4A08-A0D2-94B3A473C0A9}.Release|x64.ActiveCfg = Release|Any CPU
		{9D5E5390-FEEA-4A08-A0D2-94B3A473C0A9}.Release|x64.Build.0 = Release|Any CPU
		{9D5E5390-FEEA-4A08-A0D2-94B3A473C0A9}.Release|x86.ActiveCfg = Release|Any CPU
		{9D5E5390-FEEA-4A08-A0D2-94B3A473C0A9}.Release|x86.Build.0 = Release|Any CPU
		{1762F648-617B-48C4-982A-2290DCA7DC5A}.Debug|Any CPU.ActiveCfg = Debug|Any CPU
		{1762F648-617B-48C4-982A-2290DCA7DC5A}.Debug|Any CPU.Build.0 = Debug|Any CPU
		{1762F648-617B-48C4-982A-2290DCA7DC5A}.Debug|x64.ActiveCfg = Debug|Any CPU
		{1762F648-617B-48C4-982A-2290DCA7DC5A}.Debug|x64.Build.0 = Debug|Any CPU
		{1762F648-617B-48C4-982A-2290DCA7DC5A}.Debug|x86.ActiveCfg = Debug|Any CPU
		{1762F648-617B-48C4-982A-2290DCA7DC5A}.Debug|x86.Build.0 = Debug|Any CPU
		{1762F648-617B-48C4-982A-2290DCA7DC5A}.Release|Any CPU.ActiveCfg = Release|Any CPU
		{1762F648-617B-48C4-982A-2290DCA7DC5A}.Release|Any CPU.Build.0 = Release|Any CPU
		{1762F648-617B-48C4-982A-2290DCA7DC5A}.Release|x64.ActiveCfg = Release|Any CPU
		{1762F648-617B-48C4-982A-2290DCA7DC5A}.Release|x64.Build.0 = Release|Any CPU
		{1762F648-617B-48C4-982A-2290DCA7DC5A}.Release|x86.ActiveCfg = Release|Any CPU
		{1762F648-617B-48C4-982A-2290DCA7DC5A}.Release|x86.Build.0 = Release|Any CPU
		{71D163E6-D74D-4D27-863C-DAEAF833FAD3}.Debug|Any CPU.ActiveCfg = Debug|Any CPU
		{71D163E6-D74D-4D27-863C-DAEAF833FAD3}.Debug|Any CPU.Build.0 = Debug|Any CPU
		{71D163E6-D74D-4D27-863C-DAEAF833FAD3}.Debug|x64.ActiveCfg = Debug|Any CPU
		{71D163E6-D74D-4D27-863C-DAEAF833FAD3}.Debug|x64.Build.0 = Debug|Any CPU
		{71D163E6-D74D-4D27-863C-DAEAF833FAD3}.Debug|x86.ActiveCfg = Debug|Any CPU
		{71D163E6-D74D-4D27-863C-DAEAF833FAD3}.Debug|x86.Build.0 = Debug|Any CPU
		{71D163E6-D74D-4D27-863C-DAEAF833FAD3}.Release|Any CPU.ActiveCfg = Release|Any CPU
		{71D163E6-D74D-4D27-863C-DAEAF833FAD3}.Release|Any CPU.Build.0 = Release|Any CPU
		{71D163E6-D74D-4D27-863C-DAEAF833FAD3}.Release|x64.ActiveCfg = Release|Any CPU
		{71D163E6-D74D-4D27-863C-DAEAF833FAD3}.Release|x64.Build.0 = Release|Any CPU
		{71D163E6-D74D-4D27-863C-DAEAF833FAD3}.Release|x86.ActiveCfg = Release|Any CPU
		{71D163E6-D74D-4D27-863C-DAEAF833FAD3}.Release|x86.Build.0 = Release|Any CPU
		{D379C6CC-CF86-4FF0-AB06-E604D51FCB0F}.Debug|Any CPU.ActiveCfg = Debug|Any CPU
		{D379C6CC-CF86-4FF0-AB06-E604D51FCB0F}.Debug|Any CPU.Build.0 = Debug|Any CPU
		{D379C6CC-CF86-4FF0-AB06-E604D51FCB0F}.Debug|x64.ActiveCfg = Debug|Any CPU
		{D379C6CC-CF86-4FF0-AB06-E604D51FCB0F}.Debug|x64.Build.0 = Debug|Any CPU
		{D379C6CC-CF86-4FF0-AB06-E604D51FCB0F}.Debug|x86.ActiveCfg = Debug|Any CPU
		{D379C6CC-CF86-4FF0-AB06-E604D51FCB0F}.Debug|x86.Build.0 = Debug|Any CPU
		{D379C6CC-CF86-4FF0-AB06-E604D51FCB0F}.Release|Any CPU.ActiveCfg = Release|Any CPU
		{D379C6CC-CF86-4FF0-AB06-E604D51FCB0F}.Release|Any CPU.Build.0 = Release|Any CPU
		{D379C6CC-CF86-4FF0-AB06-E604D51FCB0F}.Release|x64.ActiveCfg = Release|Any CPU
		{D379C6CC-CF86-4FF0-AB06-E604D51FCB0F}.Release|x64.Build.0 = Release|Any CPU
		{D379C6CC-CF86-4FF0-AB06-E604D51FCB0F}.Release|x86.ActiveCfg = Release|Any CPU
		{D379C6CC-CF86-4FF0-AB06-E604D51FCB0F}.Release|x86.Build.0 = Release|Any CPU
		{E93F012A-9628-480B-B0D3-53D76FE9DC1C}.Debug|Any CPU.ActiveCfg = Debug|Any CPU
		{E93F012A-9628-480B-B0D3-53D76FE9DC1C}.Debug|Any CPU.Build.0 = Debug|Any CPU
		{E93F012A-9628-480B-B0D3-53D76FE9DC1C}.Debug|x64.ActiveCfg = Debug|Any CPU
		{E93F012A-9628-480B-B0D3-53D76FE9DC1C}.Debug|x64.Build.0 = Debug|Any CPU
		{E93F012A-9628-480B-B0D3-53D76FE9DC1C}.Debug|x86.ActiveCfg = Debug|Any CPU
		{E93F012A-9628-480B-B0D3-53D76FE9DC1C}.Debug|x86.Build.0 = Debug|Any CPU
		{E93F012A-9628-480B-B0D3-53D76FE9DC1C}.Release|Any CPU.ActiveCfg = Release|Any CPU
		{E93F012A-9628-480B-B0D3-53D76FE9DC1C}.Release|Any CPU.Build.0 = Release|Any CPU
		{E93F012A-9628-480B-B0D3-53D76FE9DC1C}.Release|x64.ActiveCfg = Release|Any CPU
		{E93F012A-9628-480B-B0D3-53D76FE9DC1C}.Release|x64.Build.0 = Release|Any CPU
		{E93F012A-9628-480B-B0D3-53D76FE9DC1C}.Release|x86.ActiveCfg = Release|Any CPU
		{E93F012A-9628-480B-B0D3-53D76FE9DC1C}.Release|x86.Build.0 = Release|Any CPU
		{256C6942-C9B5-4886-A2C5-568465FACEC1}.Debug|Any CPU.ActiveCfg = Debug|Any CPU
		{256C6942-C9B5-4886-A2C5-568465FACEC1}.Debug|Any CPU.Build.0 = Debug|Any CPU
		{256C6942-C9B5-4886-A2C5-568465FACEC1}.Debug|x64.ActiveCfg = Debug|Any CPU
		{256C6942-C9B5-4886-A2C5-568465FACEC1}.Debug|x64.Build.0 = Debug|Any CPU
		{256C6942-C9B5-4886-A2C5-568465FACEC1}.Debug|x86.ActiveCfg = Debug|Any CPU
		{256C6942-C9B5-4886-A2C5-568465FACEC1}.Debug|x86.Build.0 = Debug|Any CPU
		{256C6942-C9B5-4886-A2C5-568465FACEC1}.Release|Any CPU.ActiveCfg = Release|Any CPU
		{256C6942-C9B5-4886-A2C5-568465FACEC1}.Release|Any CPU.Build.0 = Release|Any CPU
		{256C6942-C9B5-4886-A2C5-568465FACEC1}.Release|x64.ActiveCfg = Release|Any CPU
		{256C6942-C9B5-4886-A2C5-568465FACEC1}.Release|x64.Build.0 = Release|Any CPU
		{256C6942-C9B5-4886-A2C5-568465FACEC1}.Release|x86.ActiveCfg = Release|Any CPU
		{256C6942-C9B5-4886-A2C5-568465FACEC1}.Release|x86.Build.0 = Release|Any CPU
		{BD690636-BE98-4E82-98D5-F56EBD28CB36}.Debug|Any CPU.ActiveCfg = Debug|Any CPU
		{BD690636-BE98-4E82-98D5-F56EBD28CB36}.Debug|Any CPU.Build.0 = Debug|Any CPU
		{BD690636-BE98-4E82-98D5-F56EBD28CB36}.Debug|x64.ActiveCfg = Debug|Any CPU
		{BD690636-BE98-4E82-98D5-F56EBD28CB36}.Debug|x64.Build.0 = Debug|Any CPU
		{BD690636-BE98-4E82-98D5-F56EBD28CB36}.Debug|x86.ActiveCfg = Debug|Any CPU
		{BD690636-BE98-4E82-98D5-F56EBD28CB36}.Debug|x86.Build.0 = Debug|Any CPU
		{BD690636-BE98-4E82-98D5-F56EBD28CB36}.Release|Any CPU.ActiveCfg = Release|Any CPU
		{BD690636-BE98-4E82-98D5-F56EBD28CB36}.Release|Any CPU.Build.0 = Release|Any CPU
		{BD690636-BE98-4E82-98D5-F56EBD28CB36}.Release|x64.ActiveCfg = Release|Any CPU
		{BD690636-BE98-4E82-98D5-F56EBD28CB36}.Release|x64.Build.0 = Release|Any CPU
		{BD690636-BE98-4E82-98D5-F56EBD28CB36}.Release|x86.ActiveCfg = Release|Any CPU
		{BD690636-BE98-4E82-98D5-F56EBD28CB36}.Release|x86.Build.0 = Release|Any CPU
		{45B17F62-F23D-47A5-954E-B5B982BC6690}.Debug|Any CPU.ActiveCfg = Debug|Any CPU
		{45B17F62-F23D-47A5-954E-B5B982BC6690}.Debug|Any CPU.Build.0 = Debug|Any CPU
		{45B17F62-F23D-47A5-954E-B5B982BC6690}.Debug|x64.ActiveCfg = Debug|Any CPU
		{45B17F62-F23D-47A5-954E-B5B982BC6690}.Debug|x64.Build.0 = Debug|Any CPU
		{45B17F62-F23D-47A5-954E-B5B982BC6690}.Debug|x86.ActiveCfg = Debug|Any CPU
		{45B17F62-F23D-47A5-954E-B5B982BC6690}.Debug|x86.Build.0 = Debug|Any CPU
		{45B17F62-F23D-47A5-954E-B5B982BC6690}.Release|Any CPU.ActiveCfg = Release|Any CPU
		{45B17F62-F23D-47A5-954E-B5B982BC6690}.Release|Any CPU.Build.0 = Release|Any CPU
		{45B17F62-F23D-47A5-954E-B5B982BC6690}.Release|x64.ActiveCfg = Release|Any CPU
		{45B17F62-F23D-47A5-954E-B5B982BC6690}.Release|x64.Build.0 = Release|Any CPU
		{45B17F62-F23D-47A5-954E-B5B982BC6690}.Release|x86.ActiveCfg = Release|Any CPU
		{45B17F62-F23D-47A5-954E-B5B982BC6690}.Release|x86.Build.0 = Release|Any CPU
		{EBB50EC2-F36E-443E-AB71-F1C0074337C9}.Debug|Any CPU.ActiveCfg = Debug|Any CPU
		{EBB50EC2-F36E-443E-AB71-F1C0074337C9}.Debug|Any CPU.Build.0 = Debug|Any CPU
		{EBB50EC2-F36E-443E-AB71-F1C0074337C9}.Debug|x64.ActiveCfg = Debug|Any CPU
		{EBB50EC2-F36E-443E-AB71-F1C0074337C9}.Debug|x64.Build.0 = Debug|Any CPU
		{EBB50EC2-F36E-443E-AB71-F1C0074337C9}.Debug|x86.ActiveCfg = Debug|Any CPU
		{EBB50EC2-F36E-443E-AB71-F1C0074337C9}.Debug|x86.Build.0 = Debug|Any CPU
		{EBB50EC2-F36E-443E-AB71-F1C0074337C9}.Release|Any CPU.ActiveCfg = Release|Any CPU
		{EBB50EC2-F36E-443E-AB71-F1C0074337C9}.Release|Any CPU.Build.0 = Release|Any CPU
		{EBB50EC2-F36E-443E-AB71-F1C0074337C9}.Release|x64.ActiveCfg = Release|Any CPU
		{EBB50EC2-F36E-443E-AB71-F1C0074337C9}.Release|x64.Build.0 = Release|Any CPU
		{EBB50EC2-F36E-443E-AB71-F1C0074337C9}.Release|x86.ActiveCfg = Release|Any CPU
		{EBB50EC2-F36E-443E-AB71-F1C0074337C9}.Release|x86.Build.0 = Release|Any CPU
		{D85E122D-90DB-4499-B4B6-69A655B28047}.Debug|Any CPU.ActiveCfg = Debug|Any CPU
		{D85E122D-90DB-4499-B4B6-69A655B28047}.Debug|Any CPU.Build.0 = Debug|Any CPU
		{D85E122D-90DB-4499-B4B6-69A655B28047}.Debug|x64.ActiveCfg = Debug|Any CPU
		{D85E122D-90DB-4499-B4B6-69A655B28047}.Debug|x64.Build.0 = Debug|Any CPU
		{D85E122D-90DB-4499-B4B6-69A655B28047}.Debug|x86.ActiveCfg = Debug|Any CPU
		{D85E122D-90DB-4499-B4B6-69A655B28047}.Debug|x86.Build.0 = Debug|Any CPU
		{D85E122D-90DB-4499-B4B6-69A655B28047}.Release|Any CPU.ActiveCfg = Release|Any CPU
		{D85E122D-90DB-4499-B4B6-69A655B28047}.Release|Any CPU.Build.0 = Release|Any CPU
		{D85E122D-90DB-4499-B4B6-69A655B28047}.Release|x64.ActiveCfg = Release|Any CPU
		{D85E122D-90DB-4499-B4B6-69A655B28047}.Release|x64.Build.0 = Release|Any CPU
		{D85E122D-90DB-4499-B4B6-69A655B28047}.Release|x86.ActiveCfg = Release|Any CPU
		{D85E122D-90DB-4499-B4B6-69A655B28047}.Release|x86.Build.0 = Release|Any CPU
		{53131D9B-3611-475E-9397-5EBFC20B9D6C}.Debug|Any CPU.ActiveCfg = Debug|Any CPU
		{53131D9B-3611-475E-9397-5EBFC20B9D6C}.Debug|Any CPU.Build.0 = Debug|Any CPU
		{53131D9B-3611-475E-9397-5EBFC20B9D6C}.Debug|x64.ActiveCfg = Debug|Any CPU
		{53131D9B-3611-475E-9397-5EBFC20B9D6C}.Debug|x64.Build.0 = Debug|Any CPU
		{53131D9B-3611-475E-9397-5EBFC20B9D6C}.Debug|x86.ActiveCfg = Debug|Any CPU
		{53131D9B-3611-475E-9397-5EBFC20B9D6C}.Debug|x86.Build.0 = Debug|Any CPU
		{53131D9B-3611-475E-9397-5EBFC20B9D6C}.Release|Any CPU.ActiveCfg = Release|Any CPU
		{53131D9B-3611-475E-9397-5EBFC20B9D6C}.Release|Any CPU.Build.0 = Release|Any CPU
		{53131D9B-3611-475E-9397-5EBFC20B9D6C}.Release|x64.ActiveCfg = Release|Any CPU
		{53131D9B-3611-475E-9397-5EBFC20B9D6C}.Release|x64.Build.0 = Release|Any CPU
		{53131D9B-3611-475E-9397-5EBFC20B9D6C}.Release|x86.ActiveCfg = Release|Any CPU
		{53131D9B-3611-475E-9397-5EBFC20B9D6C}.Release|x86.Build.0 = Release|Any CPU
		{B2414463-A446-4594-9936-C1F89E21A90D}.Debug|Any CPU.ActiveCfg = Debug|Any CPU
		{B2414463-A446-4594-9936-C1F89E21A90D}.Debug|Any CPU.Build.0 = Debug|Any CPU
		{B2414463-A446-4594-9936-C1F89E21A90D}.Debug|x64.ActiveCfg = Debug|Any CPU
		{B2414463-A446-4594-9936-C1F89E21A90D}.Debug|x64.Build.0 = Debug|Any CPU
		{B2414463-A446-4594-9936-C1F89E21A90D}.Debug|x86.ActiveCfg = Debug|Any CPU
		{B2414463-A446-4594-9936-C1F89E21A90D}.Debug|x86.Build.0 = Debug|Any CPU
		{B2414463-A446-4594-9936-C1F89E21A90D}.Release|Any CPU.ActiveCfg = Release|Any CPU
		{B2414463-A446-4594-9936-C1F89E21A90D}.Release|Any CPU.Build.0 = Release|Any CPU
		{B2414463-A446-4594-9936-C1F89E21A90D}.Release|x64.ActiveCfg = Release|Any CPU
		{B2414463-A446-4594-9936-C1F89E21A90D}.Release|x64.Build.0 = Release|Any CPU
		{B2414463-A446-4594-9936-C1F89E21A90D}.Release|x86.ActiveCfg = Release|Any CPU
		{B2414463-A446-4594-9936-C1F89E21A90D}.Release|x86.Build.0 = Release|Any CPU
		{590366E1-942A-46EE-8C10-DDD2EAF0EB3E}.Debug|Any CPU.ActiveCfg = Debug|Any CPU
		{590366E1-942A-46EE-8C10-DDD2EAF0EB3E}.Debug|Any CPU.Build.0 = Debug|Any CPU
		{590366E1-942A-46EE-8C10-DDD2EAF0EB3E}.Debug|x64.ActiveCfg = Debug|Any CPU
		{590366E1-942A-46EE-8C10-DDD2EAF0EB3E}.Debug|x64.Build.0 = Debug|Any CPU
		{590366E1-942A-46EE-8C10-DDD2EAF0EB3E}.Debug|x86.ActiveCfg = Debug|Any CPU
		{590366E1-942A-46EE-8C10-DDD2EAF0EB3E}.Debug|x86.Build.0 = Debug|Any CPU
		{590366E1-942A-46EE-8C10-DDD2EAF0EB3E}.Release|Any CPU.ActiveCfg = Release|Any CPU
		{590366E1-942A-46EE-8C10-DDD2EAF0EB3E}.Release|Any CPU.Build.0 = Release|Any CPU
		{590366E1-942A-46EE-8C10-DDD2EAF0EB3E}.Release|x64.ActiveCfg = Release|Any CPU
		{590366E1-942A-46EE-8C10-DDD2EAF0EB3E}.Release|x64.Build.0 = Release|Any CPU
		{590366E1-942A-46EE-8C10-DDD2EAF0EB3E}.Release|x86.ActiveCfg = Release|Any CPU
		{590366E1-942A-46EE-8C10-DDD2EAF0EB3E}.Release|x86.Build.0 = Release|Any CPU
		{FDB011FA-012D-410D-8F78-908D190A3C45}.Debug|Any CPU.ActiveCfg = Debug|Any CPU
		{FDB011FA-012D-410D-8F78-908D190A3C45}.Debug|Any CPU.Build.0 = Debug|Any CPU
		{FDB011FA-012D-410D-8F78-908D190A3C45}.Debug|x64.ActiveCfg = Debug|Any CPU
		{FDB011FA-012D-410D-8F78-908D190A3C45}.Debug|x64.Build.0 = Debug|Any CPU
		{FDB011FA-012D-410D-8F78-908D190A3C45}.Debug|x86.ActiveCfg = Debug|Any CPU
		{FDB011FA-012D-410D-8F78-908D190A3C45}.Debug|x86.Build.0 = Debug|Any CPU
		{FDB011FA-012D-410D-8F78-908D190A3C45}.Release|Any CPU.ActiveCfg = Release|Any CPU
		{FDB011FA-012D-410D-8F78-908D190A3C45}.Release|Any CPU.Build.0 = Release|Any CPU
		{FDB011FA-012D-410D-8F78-908D190A3C45}.Release|x64.ActiveCfg = Release|Any CPU
		{FDB011FA-012D-410D-8F78-908D190A3C45}.Release|x64.Build.0 = Release|Any CPU
		{FDB011FA-012D-410D-8F78-908D190A3C45}.Release|x86.ActiveCfg = Release|Any CPU
		{FDB011FA-012D-410D-8F78-908D190A3C45}.Release|x86.Build.0 = Release|Any CPU
		{A9D87DDB-C498-449C-AEA5-63BE4F792ED6}.Debug|Any CPU.ActiveCfg = Debug|Any CPU
		{A9D87DDB-C498-449C-AEA5-63BE4F792ED6}.Debug|Any CPU.Build.0 = Debug|Any CPU
		{A9D87DDB-C498-449C-AEA5-63BE4F792ED6}.Debug|x64.ActiveCfg = Debug|Any CPU
		{A9D87DDB-C498-449C-AEA5-63BE4F792ED6}.Debug|x64.Build.0 = Debug|Any CPU
		{A9D87DDB-C498-449C-AEA5-63BE4F792ED6}.Debug|x86.ActiveCfg = Debug|Any CPU
		{A9D87DDB-C498-449C-AEA5-63BE4F792ED6}.Debug|x86.Build.0 = Debug|Any CPU
		{A9D87DDB-C498-449C-AEA5-63BE4F792ED6}.Release|Any CPU.ActiveCfg = Release|Any CPU
		{A9D87DDB-C498-449C-AEA5-63BE4F792ED6}.Release|Any CPU.Build.0 = Release|Any CPU
		{A9D87DDB-C498-449C-AEA5-63BE4F792ED6}.Release|x64.ActiveCfg = Release|Any CPU
		{A9D87DDB-C498-449C-AEA5-63BE4F792ED6}.Release|x64.Build.0 = Release|Any CPU
		{A9D87DDB-C498-449C-AEA5-63BE4F792ED6}.Release|x86.ActiveCfg = Release|Any CPU
		{A9D87DDB-C498-449C-AEA5-63BE4F792ED6}.Release|x86.Build.0 = Release|Any CPU
	EndGlobalSection
	GlobalSection(NestedProjects) = preSolution
		{9D5E5390-FEEA-4A08-A0D2-94B3A473C0A9} = {019909B9-6692-4F84-B8B7-9744FEE1CD3D}
		{1762F648-617B-48C4-982A-2290DCA7DC5A} = {019909B9-6692-4F84-B8B7-9744FEE1CD3D}
		{71D163E6-D74D-4D27-863C-DAEAF833FAD3} = {019909B9-6692-4F84-B8B7-9744FEE1CD3D}
		{D379C6CC-CF86-4FF0-AB06-E604D51FCB0F} = {019909B9-6692-4F84-B8B7-9744FEE1CD3D}
		{E93F012A-9628-480B-B0D3-53D76FE9DC1C} = {019909B9-6692-4F84-B8B7-9744FEE1CD3D}
		{256C6942-C9B5-4886-A2C5-568465FACEC1} = {019909B9-6692-4F84-B8B7-9744FEE1CD3D}
		{BD690636-BE98-4E82-98D5-F56EBD28CB36} = {019909B9-6692-4F84-B8B7-9744FEE1CD3D}
		{45B17F62-F23D-47A5-954E-B5B982BC6690} = {019909B9-6692-4F84-B8B7-9744FEE1CD3D}
		{EBB50EC2-F36E-443E-AB71-F1C0074337C9} = {019909B9-6692-4F84-B8B7-9744FEE1CD3D}
		{D85E122D-90DB-4499-B4B6-69A655B28047} = {BDBDDCB7-5EEE-42A5-9070-5E25513A591B}
		{53131D9B-3611-475E-9397-5EBFC20B9D6C} = {BDBDDCB7-5EEE-42A5-9070-5E25513A591B}
		{B2414463-A446-4594-9936-C1F89E21A90D} = {BDBDDCB7-5EEE-42A5-9070-5E25513A591B}
		{590366E1-942A-46EE-8C10-DDD2EAF0EB3E} = {BDBDDCB7-5EEE-42A5-9070-5E25513A591B}
		{FDB011FA-012D-410D-8F78-908D190A3C45} = {BDBDDCB7-5EEE-42A5-9070-5E25513A591B}
		{A9D87DDB-C498-449C-AEA5-63BE4F792ED6} = {BDBDDCB7-5EEE-42A5-9070-5E25513A591B}
	EndGlobalSection
EndGlobal
