
Microsoft Visual Studio Solution File, Format Version 12.00
# Visual Studio Version 16
VisualStudioVersion = 16.0.30517.126
MinimumVisualStudioVersion = 15.0.26124.0
Project("{2150E333-8FDC-42A3-9474-1A3956D46DE8}") = "src", "src", "{7557FD8B-DB96-4813-B5EA-72BDB84A8B5F}"
EndProject
Project("{9A19103F-16F7-4668-BE54-9A1E7A4F7556}") = "domain.contract", "src\domain.contract\domain.contract.csproj", "{CE2D8044-6BD4-4FFA-89E3-03FBE9F7D348}"
EndProject
Project("{9A19103F-16F7-4668-BE54-9A1E7A4F7556}") = "domain.service", "src\domain.service\domain.service.csproj", "{5CB4BA15-7B7B-4360-A182-49EF67C3624B}"
EndProject
Project("{9A19103F-16F7-4668-BE54-9A1E7A4F7556}") = "domain.service.test", "test\domain.service.test\domain.service.test.csproj", "{B2DE455D-4554-4687-B9F5-184EAE47138F}"
EndProject
Project("{2150E333-8FDC-42A3-9474-1A3956D46DE8}") = "test", "test", "{147B2000-A103-4A90-9FF8-5AFB0DCC0F9D}"
EndProject
Project("{9A19103F-16F7-4668-BE54-9A1E7A4F7556}") = "domain.host", "src\domain.host\domain.host.csproj", "{29116EDF-181A-464C-AD35-9E9FF1C49679}"
EndProject
Project("{9A19103F-16F7-4668-BE54-9A1E7A4F7556}") = "domain.host.test", "test\domain.host.test\domain.host.test.csproj", "{166552A9-A34C-48CC-A696-1363343CE89F}"
EndProject
Project("{9A19103F-16F7-4668-BE54-9A1E7A4F7556}") = "domain.client", "src\domain.client\domain.client.csproj", "{DEB3A984-71A8-466A-ADD4-C301117B55A1}"
EndProject
Project("{9A19103F-16F7-4668-BE54-9A1E7A4F7556}") = "domain.contract.test", "test\domain.contract.test\domain.contract.test.csproj", "{7952A891-0799-4B94-88C8-8635EA808D26}"
EndProject
Project("{9A19103F-16F7-4668-BE54-9A1E7A4F7556}") = "domain.model", "src\domain.model\domain.model.csproj", "{303D94D8-82A1-4F6A-BDA9-B5E8E6C2CFB6}"
EndProject
Project("{9A19103F-16F7-4668-BE54-9A1E7A4F7556}") = "domain.persistence", "src\domain.persistence\domain.persistence.csproj", "{4C5D986A-B806-470F-9AF5-FB6CA51BB43D}"
EndProject
Project("{9A19103F-16F7-4668-BE54-9A1E7A4F7556}") = "domain.persistence.test", "test\domain.persistence.test\domain.persistence.test.csproj", "{D9031FE6-D4A9-4259-A7F7-237D53A0DD70}"
EndProject
Project("{9A19103F-16F7-4668-BE54-9A1E7A4F7556}") = "domain.client.ps", "src\domain.client.ps\domain.client.ps.csproj", "{411349A8-37AB-4D38-AEB8-8CE07A2DA7FC}"
EndProject
Project("{9A19103F-16F7-4668-BE54-9A1E7A4F7556}") = "domain.client.ps.test", "test\domain.client.ps.test\domain.client.ps.test.csproj", "{4FD9C1F0-D4EA-4B5B-81C9-359DA971DC09}"
EndProject
Project("{9A19103F-16F7-4668-BE54-9A1E7A4F7556}") = "domain.client.gprc", "src\domain.client.gprc\domain.client.gprc.csproj", "{D0784072-F9AA-4200-985D-303895A10B9E}"
EndProject
Project("{9A19103F-16F7-4668-BE54-9A1E7A4F7556}") = "domain.ui", "src\domain.ui\domain.ui.csproj", "{9B512CE8-295F-4679-92E6-24AE3191258D}"
EndProject
Project("{9A19103F-16F7-4668-BE54-9A1E7A4F7556}") = "domain.ui.test", "test\domain.ui.test\domain.ui.test.csproj", "{3274DA94-D312-4A2E-AE41-88E7591F4A1D}"
EndProject
Global
	GlobalSection(SolutionConfigurationPlatforms) = preSolution
		Debug|Any CPU = Debug|Any CPU
		Debug|x64 = Debug|x64
		Debug|x86 = Debug|x86
		Release|Any CPU = Release|Any CPU
		Release|x64 = Release|x64
		Release|x86 = Release|x86
	EndGlobalSection
	GlobalSection(ProjectConfigurationPlatforms) = postSolution
		{CE2D8044-6BD4-4FFA-89E3-03FBE9F7D348}.Debug|Any CPU.ActiveCfg = Debug|Any CPU
		{CE2D8044-6BD4-4FFA-89E3-03FBE9F7D348}.Debug|Any CPU.Build.0 = Debug|Any CPU
		{CE2D8044-6BD4-4FFA-89E3-03FBE9F7D348}.Debug|x64.ActiveCfg = Debug|Any CPU
		{CE2D8044-6BD4-4FFA-89E3-03FBE9F7D348}.Debug|x64.Build.0 = Debug|Any CPU
		{CE2D8044-6BD4-4FFA-89E3-03FBE9F7D348}.Debug|x86.ActiveCfg = Debug|Any CPU
		{CE2D8044-6BD4-4FFA-89E3-03FBE9F7D348}.Debug|x86.Build.0 = Debug|Any CPU
		{CE2D8044-6BD4-4FFA-89E3-03FBE9F7D348}.Release|Any CPU.ActiveCfg = Release|Any CPU
		{CE2D8044-6BD4-4FFA-89E3-03FBE9F7D348}.Release|Any CPU.Build.0 = Release|Any CPU
		{CE2D8044-6BD4-4FFA-89E3-03FBE9F7D348}.Release|x64.ActiveCfg = Release|Any CPU
		{CE2D8044-6BD4-4FFA-89E3-03FBE9F7D348}.Release|x64.Build.0 = Release|Any CPU
		{CE2D8044-6BD4-4FFA-89E3-03FBE9F7D348}.Release|x86.ActiveCfg = Release|Any CPU
		{CE2D8044-6BD4-4FFA-89E3-03FBE9F7D348}.Release|x86.Build.0 = Release|Any CPU
		{5CB4BA15-7B7B-4360-A182-49EF67C3624B}.Debug|Any CPU.ActiveCfg = Debug|Any CPU
		{5CB4BA15-7B7B-4360-A182-49EF67C3624B}.Debug|Any CPU.Build.0 = Debug|Any CPU
		{5CB4BA15-7B7B-4360-A182-49EF67C3624B}.Debug|x64.ActiveCfg = Debug|Any CPU
		{5CB4BA15-7B7B-4360-A182-49EF67C3624B}.Debug|x64.Build.0 = Debug|Any CPU
		{5CB4BA15-7B7B-4360-A182-49EF67C3624B}.Debug|x86.ActiveCfg = Debug|Any CPU
		{5CB4BA15-7B7B-4360-A182-49EF67C3624B}.Debug|x86.Build.0 = Debug|Any CPU
		{5CB4BA15-7B7B-4360-A182-49EF67C3624B}.Release|Any CPU.ActiveCfg = Release|Any CPU
		{5CB4BA15-7B7B-4360-A182-49EF67C3624B}.Release|Any CPU.Build.0 = Release|Any CPU
		{5CB4BA15-7B7B-4360-A182-49EF67C3624B}.Release|x64.ActiveCfg = Release|Any CPU
		{5CB4BA15-7B7B-4360-A182-49EF67C3624B}.Release|x64.Build.0 = Release|Any CPU
		{5CB4BA15-7B7B-4360-A182-49EF67C3624B}.Release|x86.ActiveCfg = Release|Any CPU
		{5CB4BA15-7B7B-4360-A182-49EF67C3624B}.Release|x86.Build.0 = Release|Any CPU
		{B2DE455D-4554-4687-B9F5-184EAE47138F}.Debug|Any CPU.ActiveCfg = Debug|Any CPU
		{B2DE455D-4554-4687-B9F5-184EAE47138F}.Debug|Any CPU.Build.0 = Debug|Any CPU
		{B2DE455D-4554-4687-B9F5-184EAE47138F}.Debug|x64.ActiveCfg = Debug|Any CPU
		{B2DE455D-4554-4687-B9F5-184EAE47138F}.Debug|x64.Build.0 = Debug|Any CPU
		{B2DE455D-4554-4687-B9F5-184EAE47138F}.Debug|x86.ActiveCfg = Debug|Any CPU
		{B2DE455D-4554-4687-B9F5-184EAE47138F}.Debug|x86.Build.0 = Debug|Any CPU
		{B2DE455D-4554-4687-B9F5-184EAE47138F}.Release|Any CPU.ActiveCfg = Release|Any CPU
		{B2DE455D-4554-4687-B9F5-184EAE47138F}.Release|Any CPU.Build.0 = Release|Any CPU
		{B2DE455D-4554-4687-B9F5-184EAE47138F}.Release|x64.ActiveCfg = Release|Any CPU
		{B2DE455D-4554-4687-B9F5-184EAE47138F}.Release|x64.Build.0 = Release|Any CPU
		{B2DE455D-4554-4687-B9F5-184EAE47138F}.Release|x86.ActiveCfg = Release|Any CPU
		{B2DE455D-4554-4687-B9F5-184EAE47138F}.Release|x86.Build.0 = Release|Any CPU
		{29116EDF-181A-464C-AD35-9E9FF1C49679}.Debug|Any CPU.ActiveCfg = Debug|Any CPU
		{29116EDF-181A-464C-AD35-9E9FF1C49679}.Debug|Any CPU.Build.0 = Debug|Any CPU
		{29116EDF-181A-464C-AD35-9E9FF1C49679}.Debug|x64.ActiveCfg = Debug|Any CPU
		{29116EDF-181A-464C-AD35-9E9FF1C49679}.Debug|x64.Build.0 = Debug|Any CPU
		{29116EDF-181A-464C-AD35-9E9FF1C49679}.Debug|x86.ActiveCfg = Debug|Any CPU
		{29116EDF-181A-464C-AD35-9E9FF1C49679}.Debug|x86.Build.0 = Debug|Any CPU
		{29116EDF-181A-464C-AD35-9E9FF1C49679}.Release|Any CPU.ActiveCfg = Release|Any CPU
		{29116EDF-181A-464C-AD35-9E9FF1C49679}.Release|Any CPU.Build.0 = Release|Any CPU
		{29116EDF-181A-464C-AD35-9E9FF1C49679}.Release|x64.ActiveCfg = Release|Any CPU
		{29116EDF-181A-464C-AD35-9E9FF1C49679}.Release|x64.Build.0 = Release|Any CPU
		{29116EDF-181A-464C-AD35-9E9FF1C49679}.Release|x86.ActiveCfg = Release|Any CPU
		{29116EDF-181A-464C-AD35-9E9FF1C49679}.Release|x86.Build.0 = Release|Any CPU
		{166552A9-A34C-48CC-A696-1363343CE89F}.Debug|Any CPU.ActiveCfg = Debug|Any CPU
		{166552A9-A34C-48CC-A696-1363343CE89F}.Debug|Any CPU.Build.0 = Debug|Any CPU
		{166552A9-A34C-48CC-A696-1363343CE89F}.Debug|x64.ActiveCfg = Debug|Any CPU
		{166552A9-A34C-48CC-A696-1363343CE89F}.Debug|x64.Build.0 = Debug|Any CPU
		{166552A9-A34C-48CC-A696-1363343CE89F}.Debug|x86.ActiveCfg = Debug|Any CPU
		{166552A9-A34C-48CC-A696-1363343CE89F}.Debug|x86.Build.0 = Debug|Any CPU
		{166552A9-A34C-48CC-A696-1363343CE89F}.Release|Any CPU.ActiveCfg = Release|Any CPU
		{166552A9-A34C-48CC-A696-1363343CE89F}.Release|Any CPU.Build.0 = Release|Any CPU
		{166552A9-A34C-48CC-A696-1363343CE89F}.Release|x64.ActiveCfg = Release|Any CPU
		{166552A9-A34C-48CC-A696-1363343CE89F}.Release|x64.Build.0 = Release|Any CPU
		{166552A9-A34C-48CC-A696-1363343CE89F}.Release|x86.ActiveCfg = Release|Any CPU
		{166552A9-A34C-48CC-A696-1363343CE89F}.Release|x86.Build.0 = Release|Any CPU
		{DEB3A984-71A8-466A-ADD4-C301117B55A1}.Debug|Any CPU.ActiveCfg = Debug|Any CPU
		{DEB3A984-71A8-466A-ADD4-C301117B55A1}.Debug|Any CPU.Build.0 = Debug|Any CPU
		{DEB3A984-71A8-466A-ADD4-C301117B55A1}.Debug|x64.ActiveCfg = Debug|Any CPU
		{DEB3A984-71A8-466A-ADD4-C301117B55A1}.Debug|x64.Build.0 = Debug|Any CPU
		{DEB3A984-71A8-466A-ADD4-C301117B55A1}.Debug|x86.ActiveCfg = Debug|Any CPU
		{DEB3A984-71A8-466A-ADD4-C301117B55A1}.Debug|x86.Build.0 = Debug|Any CPU
		{DEB3A984-71A8-466A-ADD4-C301117B55A1}.Release|Any CPU.ActiveCfg = Release|Any CPU
		{DEB3A984-71A8-466A-ADD4-C301117B55A1}.Release|Any CPU.Build.0 = Release|Any CPU
		{DEB3A984-71A8-466A-ADD4-C301117B55A1}.Release|x64.ActiveCfg = Release|Any CPU
		{DEB3A984-71A8-466A-ADD4-C301117B55A1}.Release|x64.Build.0 = Release|Any CPU
		{DEB3A984-71A8-466A-ADD4-C301117B55A1}.Release|x86.ActiveCfg = Release|Any CPU
		{DEB3A984-71A8-466A-ADD4-C301117B55A1}.Release|x86.Build.0 = Release|Any CPU
		{7952A891-0799-4B94-88C8-8635EA808D26}.Debug|Any CPU.ActiveCfg = Debug|Any CPU
		{7952A891-0799-4B94-88C8-8635EA808D26}.Debug|Any CPU.Build.0 = Debug|Any CPU
		{7952A891-0799-4B94-88C8-8635EA808D26}.Debug|x64.ActiveCfg = Debug|Any CPU
		{7952A891-0799-4B94-88C8-8635EA808D26}.Debug|x64.Build.0 = Debug|Any CPU
		{7952A891-0799-4B94-88C8-8635EA808D26}.Debug|x86.ActiveCfg = Debug|Any CPU
		{7952A891-0799-4B94-88C8-8635EA808D26}.Debug|x86.Build.0 = Debug|Any CPU
		{7952A891-0799-4B94-88C8-8635EA808D26}.Release|Any CPU.ActiveCfg = Release|Any CPU
		{7952A891-0799-4B94-88C8-8635EA808D26}.Release|Any CPU.Build.0 = Release|Any CPU
		{7952A891-0799-4B94-88C8-8635EA808D26}.Release|x64.ActiveCfg = Release|Any CPU
		{7952A891-0799-4B94-88C8-8635EA808D26}.Release|x64.Build.0 = Release|Any CPU
		{7952A891-0799-4B94-88C8-8635EA808D26}.Release|x86.ActiveCfg = Release|Any CPU
		{7952A891-0799-4B94-88C8-8635EA808D26}.Release|x86.Build.0 = Release|Any CPU
		{303D94D8-82A1-4F6A-BDA9-B5E8E6C2CFB6}.Debug|Any CPU.ActiveCfg = Debug|Any CPU
		{303D94D8-82A1-4F6A-BDA9-B5E8E6C2CFB6}.Debug|Any CPU.Build.0 = Debug|Any CPU
		{303D94D8-82A1-4F6A-BDA9-B5E8E6C2CFB6}.Debug|x64.ActiveCfg = Debug|Any CPU
		{303D94D8-82A1-4F6A-BDA9-B5E8E6C2CFB6}.Debug|x64.Build.0 = Debug|Any CPU
		{303D94D8-82A1-4F6A-BDA9-B5E8E6C2CFB6}.Debug|x86.ActiveCfg = Debug|Any CPU
		{303D94D8-82A1-4F6A-BDA9-B5E8E6C2CFB6}.Debug|x86.Build.0 = Debug|Any CPU
		{303D94D8-82A1-4F6A-BDA9-B5E8E6C2CFB6}.Release|Any CPU.ActiveCfg = Release|Any CPU
		{303D94D8-82A1-4F6A-BDA9-B5E8E6C2CFB6}.Release|Any CPU.Build.0 = Release|Any CPU
		{303D94D8-82A1-4F6A-BDA9-B5E8E6C2CFB6}.Release|x64.ActiveCfg = Release|Any CPU
		{303D94D8-82A1-4F6A-BDA9-B5E8E6C2CFB6}.Release|x64.Build.0 = Release|Any CPU
		{303D94D8-82A1-4F6A-BDA9-B5E8E6C2CFB6}.Release|x86.ActiveCfg = Release|Any CPU
		{303D94D8-82A1-4F6A-BDA9-B5E8E6C2CFB6}.Release|x86.Build.0 = Release|Any CPU
		{4C5D986A-B806-470F-9AF5-FB6CA51BB43D}.Debug|Any CPU.ActiveCfg = Debug|Any CPU
		{4C5D986A-B806-470F-9AF5-FB6CA51BB43D}.Debug|Any CPU.Build.0 = Debug|Any CPU
		{4C5D986A-B806-470F-9AF5-FB6CA51BB43D}.Debug|x64.ActiveCfg = Debug|Any CPU
		{4C5D986A-B806-470F-9AF5-FB6CA51BB43D}.Debug|x64.Build.0 = Debug|Any CPU
		{4C5D986A-B806-470F-9AF5-FB6CA51BB43D}.Debug|x86.ActiveCfg = Debug|Any CPU
		{4C5D986A-B806-470F-9AF5-FB6CA51BB43D}.Debug|x86.Build.0 = Debug|Any CPU
		{4C5D986A-B806-470F-9AF5-FB6CA51BB43D}.Release|Any CPU.ActiveCfg = Release|Any CPU
		{4C5D986A-B806-470F-9AF5-FB6CA51BB43D}.Release|Any CPU.Build.0 = Release|Any CPU
		{4C5D986A-B806-470F-9AF5-FB6CA51BB43D}.Release|x64.ActiveCfg = Release|Any CPU
		{4C5D986A-B806-470F-9AF5-FB6CA51BB43D}.Release|x64.Build.0 = Release|Any CPU
		{4C5D986A-B806-470F-9AF5-FB6CA51BB43D}.Release|x86.ActiveCfg = Release|Any CPU
		{4C5D986A-B806-470F-9AF5-FB6CA51BB43D}.Release|x86.Build.0 = Release|Any CPU
		{D9031FE6-D4A9-4259-A7F7-237D53A0DD70}.Debug|Any CPU.ActiveCfg = Debug|Any CPU
		{D9031FE6-D4A9-4259-A7F7-237D53A0DD70}.Debug|Any CPU.Build.0 = Debug|Any CPU
		{D9031FE6-D4A9-4259-A7F7-237D53A0DD70}.Debug|x64.ActiveCfg = Debug|Any CPU
		{D9031FE6-D4A9-4259-A7F7-237D53A0DD70}.Debug|x64.Build.0 = Debug|Any CPU
		{D9031FE6-D4A9-4259-A7F7-237D53A0DD70}.Debug|x86.ActiveCfg = Debug|Any CPU
		{D9031FE6-D4A9-4259-A7F7-237D53A0DD70}.Debug|x86.Build.0 = Debug|Any CPU
		{D9031FE6-D4A9-4259-A7F7-237D53A0DD70}.Release|Any CPU.ActiveCfg = Release|Any CPU
		{D9031FE6-D4A9-4259-A7F7-237D53A0DD70}.Release|Any CPU.Build.0 = Release|Any CPU
		{D9031FE6-D4A9-4259-A7F7-237D53A0DD70}.Release|x64.ActiveCfg = Release|Any CPU
		{D9031FE6-D4A9-4259-A7F7-237D53A0DD70}.Release|x64.Build.0 = Release|Any CPU
		{D9031FE6-D4A9-4259-A7F7-237D53A0DD70}.Release|x86.ActiveCfg = Release|Any CPU
		{D9031FE6-D4A9-4259-A7F7-237D53A0DD70}.Release|x86.Build.0 = Release|Any CPU
		{411349A8-37AB-4D38-AEB8-8CE07A2DA7FC}.Debug|Any CPU.ActiveCfg = Debug|Any CPU
		{411349A8-37AB-4D38-AEB8-8CE07A2DA7FC}.Debug|Any CPU.Build.0 = Debug|Any CPU
		{411349A8-37AB-4D38-AEB8-8CE07A2DA7FC}.Debug|x64.ActiveCfg = Debug|Any CPU
		{411349A8-37AB-4D38-AEB8-8CE07A2DA7FC}.Debug|x64.Build.0 = Debug|Any CPU
		{411349A8-37AB-4D38-AEB8-8CE07A2DA7FC}.Debug|x86.ActiveCfg = Debug|Any CPU
		{411349A8-37AB-4D38-AEB8-8CE07A2DA7FC}.Debug|x86.Build.0 = Debug|Any CPU
		{411349A8-37AB-4D38-AEB8-8CE07A2DA7FC}.Release|Any CPU.ActiveCfg = Release|Any CPU
		{411349A8-37AB-4D38-AEB8-8CE07A2DA7FC}.Release|Any CPU.Build.0 = Release|Any CPU
		{411349A8-37AB-4D38-AEB8-8CE07A2DA7FC}.Release|x64.ActiveCfg = Release|Any CPU
		{411349A8-37AB-4D38-AEB8-8CE07A2DA7FC}.Release|x64.Build.0 = Release|Any CPU
		{411349A8-37AB-4D38-AEB8-8CE07A2DA7FC}.Release|x86.ActiveCfg = Release|Any CPU
		{411349A8-37AB-4D38-AEB8-8CE07A2DA7FC}.Release|x86.Build.0 = Release|Any CPU
		{4FD9C1F0-D4EA-4B5B-81C9-359DA971DC09}.Debug|Any CPU.ActiveCfg = Debug|Any CPU
		{4FD9C1F0-D4EA-4B5B-81C9-359DA971DC09}.Debug|Any CPU.Build.0 = Debug|Any CPU
		{4FD9C1F0-D4EA-4B5B-81C9-359DA971DC09}.Debug|x64.ActiveCfg = Debug|Any CPU
		{4FD9C1F0-D4EA-4B5B-81C9-359DA971DC09}.Debug|x64.Build.0 = Debug|Any CPU
		{4FD9C1F0-D4EA-4B5B-81C9-359DA971DC09}.Debug|x86.ActiveCfg = Debug|Any CPU
		{4FD9C1F0-D4EA-4B5B-81C9-359DA971DC09}.Debug|x86.Build.0 = Debug|Any CPU
		{4FD9C1F0-D4EA-4B5B-81C9-359DA971DC09}.Release|Any CPU.ActiveCfg = Release|Any CPU
		{4FD9C1F0-D4EA-4B5B-81C9-359DA971DC09}.Release|Any CPU.Build.0 = Release|Any CPU
		{4FD9C1F0-D4EA-4B5B-81C9-359DA971DC09}.Release|x64.ActiveCfg = Release|Any CPU
		{4FD9C1F0-D4EA-4B5B-81C9-359DA971DC09}.Release|x64.Build.0 = Release|Any CPU
		{4FD9C1F0-D4EA-4B5B-81C9-359DA971DC09}.Release|x86.ActiveCfg = Release|Any CPU
		{4FD9C1F0-D4EA-4B5B-81C9-359DA971DC09}.Release|x86.Build.0 = Release|Any CPU
		{D0784072-F9AA-4200-985D-303895A10B9E}.Debug|Any CPU.ActiveCfg = Debug|Any CPU
		{D0784072-F9AA-4200-985D-303895A10B9E}.Debug|Any CPU.Build.0 = Debug|Any CPU
		{D0784072-F9AA-4200-985D-303895A10B9E}.Debug|x64.ActiveCfg = Debug|Any CPU
		{D0784072-F9AA-4200-985D-303895A10B9E}.Debug|x64.Build.0 = Debug|Any CPU
		{D0784072-F9AA-4200-985D-303895A10B9E}.Debug|x86.ActiveCfg = Debug|Any CPU
		{D0784072-F9AA-4200-985D-303895A10B9E}.Debug|x86.Build.0 = Debug|Any CPU
		{D0784072-F9AA-4200-985D-303895A10B9E}.Release|Any CPU.ActiveCfg = Release|Any CPU
		{D0784072-F9AA-4200-985D-303895A10B9E}.Release|Any CPU.Build.0 = Release|Any CPU
		{D0784072-F9AA-4200-985D-303895A10B9E}.Release|x64.ActiveCfg = Release|Any CPU
		{D0784072-F9AA-4200-985D-303895A10B9E}.Release|x64.Build.0 = Release|Any CPU
		{D0784072-F9AA-4200-985D-303895A10B9E}.Release|x86.ActiveCfg = Release|Any CPU
		{D0784072-F9AA-4200-985D-303895A10B9E}.Release|x86.Build.0 = Release|Any CPU
		{9B512CE8-295F-4679-92E6-24AE3191258D}.Debug|Any CPU.ActiveCfg = Debug|Any CPU
		{9B512CE8-295F-4679-92E6-24AE3191258D}.Debug|Any CPU.Build.0 = Debug|Any CPU
		{9B512CE8-295F-4679-92E6-24AE3191258D}.Debug|x64.ActiveCfg = Debug|Any CPU
		{9B512CE8-295F-4679-92E6-24AE3191258D}.Debug|x64.Build.0 = Debug|Any CPU
		{9B512CE8-295F-4679-92E6-24AE3191258D}.Debug|x86.ActiveCfg = Debug|Any CPU
		{9B512CE8-295F-4679-92E6-24AE3191258D}.Debug|x86.Build.0 = Debug|Any CPU
		{9B512CE8-295F-4679-92E6-24AE3191258D}.Release|Any CPU.ActiveCfg = Release|Any CPU
		{9B512CE8-295F-4679-92E6-24AE3191258D}.Release|Any CPU.Build.0 = Release|Any CPU
		{9B512CE8-295F-4679-92E6-24AE3191258D}.Release|x64.ActiveCfg = Release|Any CPU
		{9B512CE8-295F-4679-92E6-24AE3191258D}.Release|x64.Build.0 = Release|Any CPU
		{9B512CE8-295F-4679-92E6-24AE3191258D}.Release|x86.ActiveCfg = Release|Any CPU
		{9B512CE8-295F-4679-92E6-24AE3191258D}.Release|x86.Build.0 = Release|Any CPU
		{3274DA94-D312-4A2E-AE41-88E7591F4A1D}.Debug|Any CPU.ActiveCfg = Debug|Any CPU
		{3274DA94-D312-4A2E-AE41-88E7591F4A1D}.Debug|Any CPU.Build.0 = Debug|Any CPU
		{3274DA94-D312-4A2E-AE41-88E7591F4A1D}.Debug|x64.ActiveCfg = Debug|Any CPU
		{3274DA94-D312-4A2E-AE41-88E7591F4A1D}.Debug|x64.Build.0 = Debug|Any CPU
		{3274DA94-D312-4A2E-AE41-88E7591F4A1D}.Debug|x86.ActiveCfg = Debug|Any CPU
		{3274DA94-D312-4A2E-AE41-88E7591F4A1D}.Debug|x86.Build.0 = Debug|Any CPU
		{3274DA94-D312-4A2E-AE41-88E7591F4A1D}.Release|Any CPU.ActiveCfg = Release|Any CPU
		{3274DA94-D312-4A2E-AE41-88E7591F4A1D}.Release|Any CPU.Build.0 = Release|Any CPU
		{3274DA94-D312-4A2E-AE41-88E7591F4A1D}.Release|x64.ActiveCfg = Release|Any CPU
		{3274DA94-D312-4A2E-AE41-88E7591F4A1D}.Release|x64.Build.0 = Release|Any CPU
		{3274DA94-D312-4A2E-AE41-88E7591F4A1D}.Release|x86.ActiveCfg = Release|Any CPU
		{3274DA94-D312-4A2E-AE41-88E7591F4A1D}.Release|x86.Build.0 = Release|Any CPU
	EndGlobalSection
	GlobalSection(SolutionProperties) = preSolution
		HideSolutionNode = FALSE
	EndGlobalSection
	GlobalSection(NestedProjects) = preSolution
		{CE2D8044-6BD4-4FFA-89E3-03FBE9F7D348} = {7557FD8B-DB96-4813-B5EA-72BDB84A8B5F}
		{5CB4BA15-7B7B-4360-A182-49EF67C3624B} = {7557FD8B-DB96-4813-B5EA-72BDB84A8B5F}
		{B2DE455D-4554-4687-B9F5-184EAE47138F} = {147B2000-A103-4A90-9FF8-5AFB0DCC0F9D}
		{29116EDF-181A-464C-AD35-9E9FF1C49679} = {7557FD8B-DB96-4813-B5EA-72BDB84A8B5F}
		{166552A9-A34C-48CC-A696-1363343CE89F} = {147B2000-A103-4A90-9FF8-5AFB0DCC0F9D}
		{DEB3A984-71A8-466A-ADD4-C301117B55A1} = {7557FD8B-DB96-4813-B5EA-72BDB84A8B5F}
		{7952A891-0799-4B94-88C8-8635EA808D26} = {147B2000-A103-4A90-9FF8-5AFB0DCC0F9D}
		{303D94D8-82A1-4F6A-BDA9-B5E8E6C2CFB6} = {7557FD8B-DB96-4813-B5EA-72BDB84A8B5F}
		{4C5D986A-B806-470F-9AF5-FB6CA51BB43D} = {7557FD8B-DB96-4813-B5EA-72BDB84A8B5F}
		{D9031FE6-D4A9-4259-A7F7-237D53A0DD70} = {147B2000-A103-4A90-9FF8-5AFB0DCC0F9D}
		{411349A8-37AB-4D38-AEB8-8CE07A2DA7FC} = {7557FD8B-DB96-4813-B5EA-72BDB84A8B5F}
		{4FD9C1F0-D4EA-4B5B-81C9-359DA971DC09} = {147B2000-A103-4A90-9FF8-5AFB0DCC0F9D}
		{D0784072-F9AA-4200-985D-303895A10B9E} = {7557FD8B-DB96-4813-B5EA-72BDB84A8B5F}
		{9B512CE8-295F-4679-92E6-24AE3191258D} = {7557FD8B-DB96-4813-B5EA-72BDB84A8B5F}
		{3274DA94-D312-4A2E-AE41-88E7591F4A1D} = {147B2000-A103-4A90-9FF8-5AFB0DCC0F9D}
	EndGlobalSection
	GlobalSection(ExtensibilityGlobals) = postSolution
		SolutionGuid = {17011585-16ED-458E-880F-E93CEE1F6C40}
	EndGlobalSection
EndGlobal
