
Microsoft Visual Studio Solution File, Format Version 12.00
# Visual Studio Version 16
VisualStudioVersion = 16.0.30709.132
MinimumVisualStudioVersion = 15.0.26124.0
Project("{2150E333-8FDC-42A3-9474-1A3956D46DE8}") = "src", "src", "{019909B9-6692-4F84-B8B7-9744FEE1CD3D}"
EndProject
Project("{9A19103F-16F7-4668-BE54-9A1E7A4F7556}") = "Domain.Client.Gprc", "src\Domain.Client.Gprc\Domain.Client.Gprc.csproj", "{1762F648-617B-48C4-982A-2290DCA7DC5A}"
EndProject
Project("{9A19103F-16F7-4668-BE54-9A1E7A4F7556}") = "Domain.Client.PS", "src\Domain.Client.PS\Domain.Client.PS.csproj", "{71D163E6-D74D-4D27-863C-DAEAF833FAD3}"
EndProject
Project("{9A19103F-16F7-4668-BE54-9A1E7A4F7556}") = "Domain.Contract", "src\Domain.Contract\Domain.Contract.csproj", "{D379C6CC-CF86-4FF0-AB06-E604D51FCB0F}"
EndProject
Project("{9A19103F-16F7-4668-BE54-9A1E7A4F7556}") = "Domain.Host", "src\Domain.Host\Domain.Host.csproj", "{E93F012A-9628-480B-B0D3-53D76FE9DC1C}"
EndProject
Project("{9A19103F-16F7-4668-BE54-9A1E7A4F7556}") = "Domain.Model", "src\Domain.Model\Domain.Model.csproj", "{256C6942-C9B5-4886-A2C5-568465FACEC1}"
EndProject
Project("{9A19103F-16F7-4668-BE54-9A1E7A4F7556}") = "Domain.Persistence", "src\Domain.Persistence\Domain.Persistence.csproj", "{BD690636-BE98-4E82-98D5-F56EBD28CB36}"
EndProject
Project("{9A19103F-16F7-4668-BE54-9A1E7A4F7556}") = "Domain.Service", "src\Domain.Service\Domain.Service.csproj", "{45B17F62-F23D-47A5-954E-B5B982BC6690}"
EndProject
Project("{9A19103F-16F7-4668-BE54-9A1E7A4F7556}") = "Domain.UI", "src\Domain.UI\Domain.UI.csproj", "{EBB50EC2-F36E-443E-AB71-F1C0074337C9}"
EndProject
Project("{2150E333-8FDC-42A3-9474-1A3956D46DE8}") = "test", "test", "{BDBDDCB7-5EEE-42A5-9070-5E25513A591B}"
EndProject
Project("{9A19103F-16F7-4668-BE54-9A1E7A4F7556}") = "Domain.Client.PS.Test", "test\Domain.Client.PS.test\Domain.Client.PS.Test.csproj", "{D85E122D-90DB-4499-B4B6-69A655B28047}"
EndProject
Project("{9A19103F-16F7-4668-BE54-9A1E7A4F7556}") = "Domain.Contract.Test", "test\Domain.Contract.Test\Domain.Contract.Test.csproj", "{53131D9B-3611-475E-9397-5EBFC20B9D6C}"
EndProject
Project("{9A19103F-16F7-4668-BE54-9A1E7A4F7556}") = "Domain.Host.Test", "test\Domain.Host.Test\Domain.Host.Test.csproj", "{B2414463-A446-4594-9936-C1F89E21A90D}"
EndProject
Project("{9A19103F-16F7-4668-BE54-9A1E7A4F7556}") = "Domain.Persistence.Test", "test\Domain.Persistence.Test\Domain.Persistence.Test.csproj", "{590366E1-942A-46EE-8C10-DDD2EAF0EB3E}"
EndProject
Project("{9A19103F-16F7-4668-BE54-9A1E7A4F7556}") = "Domain.Service.Test", "test\Domain.Service.Test\Domain.Service.Test.csproj", "{FDB011FA-012D-410D-8F78-908D190A3C45}"
EndProject
Project("{9A19103F-16F7-4668-BE54-9A1E7A4F7556}") = "Domain.UI.Test", "test\Domain.UI.Test\Domain.UI.Test.csproj", "{A9D87DDB-C498-449C-AEA5-63BE4F792ED6}"
EndProject
Project("{2150E333-8FDC-42A3-9474-1A3956D46DE8}") = "Domain", "Domain", "{D9E7374E-F46F-4B05-865F-EA8C6A3827CA}"
EndProject
Project("{2150E333-8FDC-42A3-9474-1A3956D46DE8}") = "IdentityShell", "IdentityShell", "{772EC752-B3E0-45E7-8689-93D8BAC4EF49}"
EndProject
Project("{2150E333-8FDC-42A3-9474-1A3956D46DE8}") = "examples", "examples", "{19071BE3-D624-4D6C-B4B7-F5A7AA1C6245}"
EndProject
Project("{9A19103F-16F7-4668-BE54-9A1E7A4F7556}") = "interactiveUI", "submodules\IdentityShell\examples\interactiveUI\interactiveUI.csproj", "{1FC32A7C-D8F7-4F37-B849-F2A796A55094}"
EndProject
Project("{2150E333-8FDC-42A3-9474-1A3956D46DE8}") = "src", "src", "{931D84D9-1A66-46AA-8D24-A0771D9BDBAB}"
EndProject
Project("{9A19103F-16F7-4668-BE54-9A1E7A4F7556}") = "IdentityShell", "submodules\IdentityShell\src\IdentityShell\IdentityShell.csproj", "{DAC7DF80-AA7B-44E9-9609-55B7B16123F7}"
EndProject
Project("{9A19103F-16F7-4668-BE54-9A1E7A4F7556}") = "IdentityShell.AspNetIdentityStore", "submodules\IdentityShell\src\IdentityShell.AspNetIdentityStore\IdentityShell.AspNetIdentityStore.csproj", "{5E5F2930-0EB1-4182-847C-D576050383D2}"
EndProject
Project("{9A19103F-16F7-4668-BE54-9A1E7A4F7556}") = "IdentityShell.Cmdlets", "submodules\IdentityShell\src\IdentityShell.Cmdlets\IdentityShell.Cmdlets.csproj", "{A7D541DB-AFA4-4805-BF7C-C248874321DE}"
EndProject
Project("{9A19103F-16F7-4668-BE54-9A1E7A4F7556}") = "IdentityShell.IdentityStore", "submodules\IdentityShell\src\IdentityShell.IdentityStore\IdentityShell.IdentityStore.csproj", "{EF13207D-EF47-40D8-AEC8-E9D581AF2FD1}"
EndProject
Project("{2150E333-8FDC-42A3-9474-1A3956D46DE8}") = "test", "test", "{4B198686-FF96-4E1F-BEE8-1F7C7D5E00B3}"
EndProject
Project("{9A19103F-16F7-4668-BE54-9A1E7A4F7556}") = "Example.Api", "submodules\IdentityShell\test\Example.Api\Example.Api.csproj", "{AA4138D8-E3FF-4AC4-8309-F6ED3572881C}"
EndProject
Project("{9A19103F-16F7-4668-BE54-9A1E7A4F7556}") = "IdentityShell.Cmdlets.Test", "submodules\IdentityShell\test\IdentityShell.Cmdlets.Test\IdentityShell.Cmdlets.Test.csproj", "{EF600237-056C-4F2B-BDEA-F28D7D2AB6ED}"
EndProject
Project("{2150E333-8FDC-42A3-9474-1A3956D46DE8}") = "IdentityServer4", "IdentityServer4", "{16622228-5E7B-45AF-BE26-A7D4722E3745}"
EndProject
Project("{9A19103F-16F7-4668-BE54-9A1E7A4F7556}") = "IdentityServer4", "submodules\IdentityServer4\src\IdentityServer4\src\IdentityServer4.csproj", "{02EE6AC3-BB06-4B9C-BEA4-67043745BB88}"
EndProject
Project("{9A19103F-16F7-4668-BE54-9A1E7A4F7556}") = "Host", "submodules\IdentityServer4\src\IdentityServer4\host\Host.csproj", "{2132AECE-3A79-4CD9-867F-B7C165ED62D5}"
EndProject
Project("{9A19103F-16F7-4668-BE54-9A1E7A4F7556}") = "Domain.Client.Authorization", "src\Domain.Client.Authorization\Domain.Client.Authorization.csproj", "{38D109D0-02E4-46FF-ABF1-BE4449543E4F}"
EndProject
Project("{9A19103F-16F7-4668-BE54-9A1E7A4F7556}") = "Domain.Host.TestServer", "test\Domain.Host.TestServer\Domain.Host.TestServer.csproj", "{CEF310A9-065E-4031-96C9-CD571E70C9BF}"
EndProject
Project("{9A19103F-16F7-4668-BE54-9A1E7A4F7556}") = "Domain.Client.Json", "src\Domain.Client.Json\Domain.Client.Json.csproj", "{EB4AED9A-793A-4C1A-AF57-816E8F47E425}"
EndProject
Global
	GlobalSection(SolutionConfigurationPlatforms) = preSolution
		Debug|Any CPU = Debug|Any CPU
		Debug|x64 = Debug|x64
		Debug|x86 = Debug|x86
		Release|Any CPU = Release|Any CPU
		Release|x64 = Release|x64
		Release|x86 = Release|x86
	EndGlobalSection
	GlobalSection(ProjectConfigurationPlatforms) = postSolution
		{1762F648-617B-48C4-982A-2290DCA7DC5A}.Debug|Any CPU.ActiveCfg = Debug|Any CPU
		{1762F648-617B-48C4-982A-2290DCA7DC5A}.Debug|Any CPU.Build.0 = Debug|Any CPU
		{1762F648-617B-48C4-982A-2290DCA7DC5A}.Debug|x64.ActiveCfg = Debug|Any CPU
		{1762F648-617B-48C4-982A-2290DCA7DC5A}.Debug|x64.Build.0 = Debug|Any CPU
		{1762F648-617B-48C4-982A-2290DCA7DC5A}.Debug|x86.ActiveCfg = Debug|Any CPU
		{1762F648-617B-48C4-982A-2290DCA7DC5A}.Debug|x86.Build.0 = Debug|Any CPU
		{1762F648-617B-48C4-982A-2290DCA7DC5A}.Release|Any CPU.ActiveCfg = Release|Any CPU
		{1762F648-617B-48C4-982A-2290DCA7DC5A}.Release|Any CPU.Build.0 = Release|Any CPU
		{1762F648-617B-48C4-982A-2290DCA7DC5A}.Release|x64.ActiveCfg = Release|Any CPU
		{1762F648-617B-48C4-982A-2290DCA7DC5A}.Release|x64.Build.0 = Release|Any CPU
		{1762F648-617B-48C4-982A-2290DCA7DC5A}.Release|x86.ActiveCfg = Release|Any CPU
		{1762F648-617B-48C4-982A-2290DCA7DC5A}.Release|x86.Build.0 = Release|Any CPU
		{71D163E6-D74D-4D27-863C-DAEAF833FAD3}.Debug|Any CPU.ActiveCfg = Debug|Any CPU
		{71D163E6-D74D-4D27-863C-DAEAF833FAD3}.Debug|Any CPU.Build.0 = Debug|Any CPU
		{71D163E6-D74D-4D27-863C-DAEAF833FAD3}.Debug|x64.ActiveCfg = Debug|Any CPU
		{71D163E6-D74D-4D27-863C-DAEAF833FAD3}.Debug|x64.Build.0 = Debug|Any CPU
		{71D163E6-D74D-4D27-863C-DAEAF833FAD3}.Debug|x86.ActiveCfg = Debug|Any CPU
		{71D163E6-D74D-4D27-863C-DAEAF833FAD3}.Debug|x86.Build.0 = Debug|Any CPU
		{71D163E6-D74D-4D27-863C-DAEAF833FAD3}.Release|Any CPU.ActiveCfg = Release|Any CPU
		{71D163E6-D74D-4D27-863C-DAEAF833FAD3}.Release|Any CPU.Build.0 = Release|Any CPU
		{71D163E6-D74D-4D27-863C-DAEAF833FAD3}.Release|x64.ActiveCfg = Release|Any CPU
		{71D163E6-D74D-4D27-863C-DAEAF833FAD3}.Release|x64.Build.0 = Release|Any CPU
		{71D163E6-D74D-4D27-863C-DAEAF833FAD3}.Release|x86.ActiveCfg = Release|Any CPU
		{71D163E6-D74D-4D27-863C-DAEAF833FAD3}.Release|x86.Build.0 = Release|Any CPU
		{D379C6CC-CF86-4FF0-AB06-E604D51FCB0F}.Debug|Any CPU.ActiveCfg = Debug|Any CPU
		{D379C6CC-CF86-4FF0-AB06-E604D51FCB0F}.Debug|Any CPU.Build.0 = Debug|Any CPU
		{D379C6CC-CF86-4FF0-AB06-E604D51FCB0F}.Debug|x64.ActiveCfg = Debug|Any CPU
		{D379C6CC-CF86-4FF0-AB06-E604D51FCB0F}.Debug|x64.Build.0 = Debug|Any CPU
		{D379C6CC-CF86-4FF0-AB06-E604D51FCB0F}.Debug|x86.ActiveCfg = Debug|Any CPU
		{D379C6CC-CF86-4FF0-AB06-E604D51FCB0F}.Debug|x86.Build.0 = Debug|Any CPU
		{D379C6CC-CF86-4FF0-AB06-E604D51FCB0F}.Release|Any CPU.ActiveCfg = Release|Any CPU
		{D379C6CC-CF86-4FF0-AB06-E604D51FCB0F}.Release|Any CPU.Build.0 = Release|Any CPU
		{D379C6CC-CF86-4FF0-AB06-E604D51FCB0F}.Release|x64.ActiveCfg = Release|Any CPU
		{D379C6CC-CF86-4FF0-AB06-E604D51FCB0F}.Release|x64.Build.0 = Release|Any CPU
		{D379C6CC-CF86-4FF0-AB06-E604D51FCB0F}.Release|x86.ActiveCfg = Release|Any CPU
		{D379C6CC-CF86-4FF0-AB06-E604D51FCB0F}.Release|x86.Build.0 = Release|Any CPU
		{E93F012A-9628-480B-B0D3-53D76FE9DC1C}.Debug|Any CPU.ActiveCfg = Debug|Any CPU
		{E93F012A-9628-480B-B0D3-53D76FE9DC1C}.Debug|Any CPU.Build.0 = Debug|Any CPU
		{E93F012A-9628-480B-B0D3-53D76FE9DC1C}.Debug|x64.ActiveCfg = Debug|Any CPU
		{E93F012A-9628-480B-B0D3-53D76FE9DC1C}.Debug|x64.Build.0 = Debug|Any CPU
		{E93F012A-9628-480B-B0D3-53D76FE9DC1C}.Debug|x86.ActiveCfg = Debug|Any CPU
		{E93F012A-9628-480B-B0D3-53D76FE9DC1C}.Debug|x86.Build.0 = Debug|Any CPU
		{E93F012A-9628-480B-B0D3-53D76FE9DC1C}.Release|Any CPU.ActiveCfg = Release|Any CPU
		{E93F012A-9628-480B-B0D3-53D76FE9DC1C}.Release|Any CPU.Build.0 = Release|Any CPU
		{E93F012A-9628-480B-B0D3-53D76FE9DC1C}.Release|x64.ActiveCfg = Release|Any CPU
		{E93F012A-9628-480B-B0D3-53D76FE9DC1C}.Release|x64.Build.0 = Release|Any CPU
		{E93F012A-9628-480B-B0D3-53D76FE9DC1C}.Release|x86.ActiveCfg = Release|Any CPU
		{E93F012A-9628-480B-B0D3-53D76FE9DC1C}.Release|x86.Build.0 = Release|Any CPU
		{256C6942-C9B5-4886-A2C5-568465FACEC1}.Debug|Any CPU.ActiveCfg = Debug|Any CPU
		{256C6942-C9B5-4886-A2C5-568465FACEC1}.Debug|Any CPU.Build.0 = Debug|Any CPU
		{256C6942-C9B5-4886-A2C5-568465FACEC1}.Debug|x64.ActiveCfg = Debug|Any CPU
		{256C6942-C9B5-4886-A2C5-568465FACEC1}.Debug|x64.Build.0 = Debug|Any CPU
		{256C6942-C9B5-4886-A2C5-568465FACEC1}.Debug|x86.ActiveCfg = Debug|Any CPU
		{256C6942-C9B5-4886-A2C5-568465FACEC1}.Debug|x86.Build.0 = Debug|Any CPU
		{256C6942-C9B5-4886-A2C5-568465FACEC1}.Release|Any CPU.ActiveCfg = Release|Any CPU
		{256C6942-C9B5-4886-A2C5-568465FACEC1}.Release|Any CPU.Build.0 = Release|Any CPU
		{256C6942-C9B5-4886-A2C5-568465FACEC1}.Release|x64.ActiveCfg = Release|Any CPU
		{256C6942-C9B5-4886-A2C5-568465FACEC1}.Release|x64.Build.0 = Release|Any CPU
		{256C6942-C9B5-4886-A2C5-568465FACEC1}.Release|x86.ActiveCfg = Release|Any CPU
		{256C6942-C9B5-4886-A2C5-568465FACEC1}.Release|x86.Build.0 = Release|Any CPU
		{BD690636-BE98-4E82-98D5-F56EBD28CB36}.Debug|Any CPU.ActiveCfg = Debug|Any CPU
		{BD690636-BE98-4E82-98D5-F56EBD28CB36}.Debug|Any CPU.Build.0 = Debug|Any CPU
		{BD690636-BE98-4E82-98D5-F56EBD28CB36}.Debug|x64.ActiveCfg = Debug|Any CPU
		{BD690636-BE98-4E82-98D5-F56EBD28CB36}.Debug|x64.Build.0 = Debug|Any CPU
		{BD690636-BE98-4E82-98D5-F56EBD28CB36}.Debug|x86.ActiveCfg = Debug|Any CPU
		{BD690636-BE98-4E82-98D5-F56EBD28CB36}.Debug|x86.Build.0 = Debug|Any CPU
		{BD690636-BE98-4E82-98D5-F56EBD28CB36}.Release|Any CPU.ActiveCfg = Release|Any CPU
		{BD690636-BE98-4E82-98D5-F56EBD28CB36}.Release|Any CPU.Build.0 = Release|Any CPU
		{BD690636-BE98-4E82-98D5-F56EBD28CB36}.Release|x64.ActiveCfg = Release|Any CPU
		{BD690636-BE98-4E82-98D5-F56EBD28CB36}.Release|x64.Build.0 = Release|Any CPU
		{BD690636-BE98-4E82-98D5-F56EBD28CB36}.Release|x86.ActiveCfg = Release|Any CPU
		{BD690636-BE98-4E82-98D5-F56EBD28CB36}.Release|x86.Build.0 = Release|Any CPU
		{45B17F62-F23D-47A5-954E-B5B982BC6690}.Debug|Any CPU.ActiveCfg = Debug|Any CPU
		{45B17F62-F23D-47A5-954E-B5B982BC6690}.Debug|Any CPU.Build.0 = Debug|Any CPU
		{45B17F62-F23D-47A5-954E-B5B982BC6690}.Debug|x64.ActiveCfg = Debug|Any CPU
		{45B17F62-F23D-47A5-954E-B5B982BC6690}.Debug|x64.Build.0 = Debug|Any CPU
		{45B17F62-F23D-47A5-954E-B5B982BC6690}.Debug|x86.ActiveCfg = Debug|Any CPU
		{45B17F62-F23D-47A5-954E-B5B982BC6690}.Debug|x86.Build.0 = Debug|Any CPU
		{45B17F62-F23D-47A5-954E-B5B982BC6690}.Release|Any CPU.ActiveCfg = Release|Any CPU
		{45B17F62-F23D-47A5-954E-B5B982BC6690}.Release|Any CPU.Build.0 = Release|Any CPU
		{45B17F62-F23D-47A5-954E-B5B982BC6690}.Release|x64.ActiveCfg = Release|Any CPU
		{45B17F62-F23D-47A5-954E-B5B982BC6690}.Release|x64.Build.0 = Release|Any CPU
		{45B17F62-F23D-47A5-954E-B5B982BC6690}.Release|x86.ActiveCfg = Release|Any CPU
		{45B17F62-F23D-47A5-954E-B5B982BC6690}.Release|x86.Build.0 = Release|Any CPU
		{EBB50EC2-F36E-443E-AB71-F1C0074337C9}.Debug|Any CPU.ActiveCfg = Debug|Any CPU
		{EBB50EC2-F36E-443E-AB71-F1C0074337C9}.Debug|Any CPU.Build.0 = Debug|Any CPU
		{EBB50EC2-F36E-443E-AB71-F1C0074337C9}.Debug|x64.ActiveCfg = Debug|Any CPU
		{EBB50EC2-F36E-443E-AB71-F1C0074337C9}.Debug|x64.Build.0 = Debug|Any CPU
		{EBB50EC2-F36E-443E-AB71-F1C0074337C9}.Debug|x86.ActiveCfg = Debug|Any CPU
		{EBB50EC2-F36E-443E-AB71-F1C0074337C9}.Debug|x86.Build.0 = Debug|Any CPU
		{EBB50EC2-F36E-443E-AB71-F1C0074337C9}.Release|Any CPU.ActiveCfg = Release|Any CPU
		{EBB50EC2-F36E-443E-AB71-F1C0074337C9}.Release|Any CPU.Build.0 = Release|Any CPU
		{EBB50EC2-F36E-443E-AB71-F1C0074337C9}.Release|x64.ActiveCfg = Release|Any CPU
		{EBB50EC2-F36E-443E-AB71-F1C0074337C9}.Release|x64.Build.0 = Release|Any CPU
		{EBB50EC2-F36E-443E-AB71-F1C0074337C9}.Release|x86.ActiveCfg = Release|Any CPU
		{EBB50EC2-F36E-443E-AB71-F1C0074337C9}.Release|x86.Build.0 = Release|Any CPU
		{D85E122D-90DB-4499-B4B6-69A655B28047}.Debug|Any CPU.ActiveCfg = Debug|Any CPU
		{D85E122D-90DB-4499-B4B6-69A655B28047}.Debug|Any CPU.Build.0 = Debug|Any CPU
		{D85E122D-90DB-4499-B4B6-69A655B28047}.Debug|x64.ActiveCfg = Debug|Any CPU
		{D85E122D-90DB-4499-B4B6-69A655B28047}.Debug|x64.Build.0 = Debug|Any CPU
		{D85E122D-90DB-4499-B4B6-69A655B28047}.Debug|x86.ActiveCfg = Debug|Any CPU
		{D85E122D-90DB-4499-B4B6-69A655B28047}.Debug|x86.Build.0 = Debug|Any CPU
		{D85E122D-90DB-4499-B4B6-69A655B28047}.Release|Any CPU.ActiveCfg = Release|Any CPU
		{D85E122D-90DB-4499-B4B6-69A655B28047}.Release|Any CPU.Build.0 = Release|Any CPU
		{D85E122D-90DB-4499-B4B6-69A655B28047}.Release|x64.ActiveCfg = Release|Any CPU
		{D85E122D-90DB-4499-B4B6-69A655B28047}.Release|x64.Build.0 = Release|Any CPU
		{D85E122D-90DB-4499-B4B6-69A655B28047}.Release|x86.ActiveCfg = Release|Any CPU
		{D85E122D-90DB-4499-B4B6-69A655B28047}.Release|x86.Build.0 = Release|Any CPU
		{53131D9B-3611-475E-9397-5EBFC20B9D6C}.Debug|Any CPU.ActiveCfg = Debug|Any CPU
		{53131D9B-3611-475E-9397-5EBFC20B9D6C}.Debug|Any CPU.Build.0 = Debug|Any CPU
		{53131D9B-3611-475E-9397-5EBFC20B9D6C}.Debug|x64.ActiveCfg = Debug|Any CPU
		{53131D9B-3611-475E-9397-5EBFC20B9D6C}.Debug|x64.Build.0 = Debug|Any CPU
		{53131D9B-3611-475E-9397-5EBFC20B9D6C}.Debug|x86.ActiveCfg = Debug|Any CPU
		{53131D9B-3611-475E-9397-5EBFC20B9D6C}.Debug|x86.Build.0 = Debug|Any CPU
		{53131D9B-3611-475E-9397-5EBFC20B9D6C}.Release|Any CPU.ActiveCfg = Release|Any CPU
		{53131D9B-3611-475E-9397-5EBFC20B9D6C}.Release|Any CPU.Build.0 = Release|Any CPU
		{53131D9B-3611-475E-9397-5EBFC20B9D6C}.Release|x64.ActiveCfg = Release|Any CPU
		{53131D9B-3611-475E-9397-5EBFC20B9D6C}.Release|x64.Build.0 = Release|Any CPU
		{53131D9B-3611-475E-9397-5EBFC20B9D6C}.Release|x86.ActiveCfg = Release|Any CPU
		{53131D9B-3611-475E-9397-5EBFC20B9D6C}.Release|x86.Build.0 = Release|Any CPU
		{B2414463-A446-4594-9936-C1F89E21A90D}.Debug|Any CPU.ActiveCfg = Debug|Any CPU
		{B2414463-A446-4594-9936-C1F89E21A90D}.Debug|Any CPU.Build.0 = Debug|Any CPU
		{B2414463-A446-4594-9936-C1F89E21A90D}.Debug|x64.ActiveCfg = Debug|Any CPU
		{B2414463-A446-4594-9936-C1F89E21A90D}.Debug|x64.Build.0 = Debug|Any CPU
		{B2414463-A446-4594-9936-C1F89E21A90D}.Debug|x86.ActiveCfg = Debug|Any CPU
		{B2414463-A446-4594-9936-C1F89E21A90D}.Debug|x86.Build.0 = Debug|Any CPU
		{B2414463-A446-4594-9936-C1F89E21A90D}.Release|Any CPU.ActiveCfg = Release|Any CPU
		{B2414463-A446-4594-9936-C1F89E21A90D}.Release|Any CPU.Build.0 = Release|Any CPU
		{B2414463-A446-4594-9936-C1F89E21A90D}.Release|x64.ActiveCfg = Release|Any CPU
		{B2414463-A446-4594-9936-C1F89E21A90D}.Release|x64.Build.0 = Release|Any CPU
		{B2414463-A446-4594-9936-C1F89E21A90D}.Release|x86.ActiveCfg = Release|Any CPU
		{B2414463-A446-4594-9936-C1F89E21A90D}.Release|x86.Build.0 = Release|Any CPU
		{590366E1-942A-46EE-8C10-DDD2EAF0EB3E}.Debug|Any CPU.ActiveCfg = Debug|Any CPU
		{590366E1-942A-46EE-8C10-DDD2EAF0EB3E}.Debug|Any CPU.Build.0 = Debug|Any CPU
		{590366E1-942A-46EE-8C10-DDD2EAF0EB3E}.Debug|x64.ActiveCfg = Debug|Any CPU
		{590366E1-942A-46EE-8C10-DDD2EAF0EB3E}.Debug|x64.Build.0 = Debug|Any CPU
		{590366E1-942A-46EE-8C10-DDD2EAF0EB3E}.Debug|x86.ActiveCfg = Debug|Any CPU
		{590366E1-942A-46EE-8C10-DDD2EAF0EB3E}.Debug|x86.Build.0 = Debug|Any CPU
		{590366E1-942A-46EE-8C10-DDD2EAF0EB3E}.Release|Any CPU.ActiveCfg = Release|Any CPU
		{590366E1-942A-46EE-8C10-DDD2EAF0EB3E}.Release|Any CPU.Build.0 = Release|Any CPU
		{590366E1-942A-46EE-8C10-DDD2EAF0EB3E}.Release|x64.ActiveCfg = Release|Any CPU
		{590366E1-942A-46EE-8C10-DDD2EAF0EB3E}.Release|x64.Build.0 = Release|Any CPU
		{590366E1-942A-46EE-8C10-DDD2EAF0EB3E}.Release|x86.ActiveCfg = Release|Any CPU
		{590366E1-942A-46EE-8C10-DDD2EAF0EB3E}.Release|x86.Build.0 = Release|Any CPU
		{FDB011FA-012D-410D-8F78-908D190A3C45}.Debug|Any CPU.ActiveCfg = Debug|Any CPU
		{FDB011FA-012D-410D-8F78-908D190A3C45}.Debug|Any CPU.Build.0 = Debug|Any CPU
		{FDB011FA-012D-410D-8F78-908D190A3C45}.Debug|x64.ActiveCfg = Debug|Any CPU
		{FDB011FA-012D-410D-8F78-908D190A3C45}.Debug|x64.Build.0 = Debug|Any CPU
		{FDB011FA-012D-410D-8F78-908D190A3C45}.Debug|x86.ActiveCfg = Debug|Any CPU
		{FDB011FA-012D-410D-8F78-908D190A3C45}.Debug|x86.Build.0 = Debug|Any CPU
		{FDB011FA-012D-410D-8F78-908D190A3C45}.Release|Any CPU.ActiveCfg = Release|Any CPU
		{FDB011FA-012D-410D-8F78-908D190A3C45}.Release|Any CPU.Build.0 = Release|Any CPU
		{FDB011FA-012D-410D-8F78-908D190A3C45}.Release|x64.ActiveCfg = Release|Any CPU
		{FDB011FA-012D-410D-8F78-908D190A3C45}.Release|x64.Build.0 = Release|Any CPU
		{FDB011FA-012D-410D-8F78-908D190A3C45}.Release|x86.ActiveCfg = Release|Any CPU
		{FDB011FA-012D-410D-8F78-908D190A3C45}.Release|x86.Build.0 = Release|Any CPU
		{A9D87DDB-C498-449C-AEA5-63BE4F792ED6}.Debug|Any CPU.ActiveCfg = Debug|Any CPU
		{A9D87DDB-C498-449C-AEA5-63BE4F792ED6}.Debug|Any CPU.Build.0 = Debug|Any CPU
		{A9D87DDB-C498-449C-AEA5-63BE4F792ED6}.Debug|x64.ActiveCfg = Debug|Any CPU
		{A9D87DDB-C498-449C-AEA5-63BE4F792ED6}.Debug|x64.Build.0 = Debug|Any CPU
		{A9D87DDB-C498-449C-AEA5-63BE4F792ED6}.Debug|x86.ActiveCfg = Debug|Any CPU
		{A9D87DDB-C498-449C-AEA5-63BE4F792ED6}.Debug|x86.Build.0 = Debug|Any CPU
		{A9D87DDB-C498-449C-AEA5-63BE4F792ED6}.Release|Any CPU.ActiveCfg = Release|Any CPU
		{A9D87DDB-C498-449C-AEA5-63BE4F792ED6}.Release|Any CPU.Build.0 = Release|Any CPU
		{A9D87DDB-C498-449C-AEA5-63BE4F792ED6}.Release|x64.ActiveCfg = Release|Any CPU
		{A9D87DDB-C498-449C-AEA5-63BE4F792ED6}.Release|x64.Build.0 = Release|Any CPU
		{A9D87DDB-C498-449C-AEA5-63BE4F792ED6}.Release|x86.ActiveCfg = Release|Any CPU
		{A9D87DDB-C498-449C-AEA5-63BE4F792ED6}.Release|x86.Build.0 = Release|Any CPU
		{1FC32A7C-D8F7-4F37-B849-F2A796A55094}.Debug|Any CPU.ActiveCfg = Debug|Any CPU
		{1FC32A7C-D8F7-4F37-B849-F2A796A55094}.Debug|Any CPU.Build.0 = Debug|Any CPU
		{1FC32A7C-D8F7-4F37-B849-F2A796A55094}.Debug|x64.ActiveCfg = Debug|Any CPU
		{1FC32A7C-D8F7-4F37-B849-F2A796A55094}.Debug|x64.Build.0 = Debug|Any CPU
		{1FC32A7C-D8F7-4F37-B849-F2A796A55094}.Debug|x86.ActiveCfg = Debug|Any CPU
		{1FC32A7C-D8F7-4F37-B849-F2A796A55094}.Debug|x86.Build.0 = Debug|Any CPU
		{1FC32A7C-D8F7-4F37-B849-F2A796A55094}.Release|Any CPU.ActiveCfg = Release|Any CPU
		{1FC32A7C-D8F7-4F37-B849-F2A796A55094}.Release|Any CPU.Build.0 = Release|Any CPU
		{1FC32A7C-D8F7-4F37-B849-F2A796A55094}.Release|x64.ActiveCfg = Release|Any CPU
		{1FC32A7C-D8F7-4F37-B849-F2A796A55094}.Release|x64.Build.0 = Release|Any CPU
		{1FC32A7C-D8F7-4F37-B849-F2A796A55094}.Release|x86.ActiveCfg = Release|Any CPU
		{1FC32A7C-D8F7-4F37-B849-F2A796A55094}.Release|x86.Build.0 = Release|Any CPU
		{DAC7DF80-AA7B-44E9-9609-55B7B16123F7}.Debug|Any CPU.ActiveCfg = Debug|Any CPU
		{DAC7DF80-AA7B-44E9-9609-55B7B16123F7}.Debug|Any CPU.Build.0 = Debug|Any CPU
		{DAC7DF80-AA7B-44E9-9609-55B7B16123F7}.Debug|x64.ActiveCfg = Debug|Any CPU
		{DAC7DF80-AA7B-44E9-9609-55B7B16123F7}.Debug|x64.Build.0 = Debug|Any CPU
		{DAC7DF80-AA7B-44E9-9609-55B7B16123F7}.Debug|x86.ActiveCfg = Debug|Any CPU
		{DAC7DF80-AA7B-44E9-9609-55B7B16123F7}.Debug|x86.Build.0 = Debug|Any CPU
		{DAC7DF80-AA7B-44E9-9609-55B7B16123F7}.Release|Any CPU.ActiveCfg = Release|Any CPU
		{DAC7DF80-AA7B-44E9-9609-55B7B16123F7}.Release|Any CPU.Build.0 = Release|Any CPU
		{DAC7DF80-AA7B-44E9-9609-55B7B16123F7}.Release|x64.ActiveCfg = Release|Any CPU
		{DAC7DF80-AA7B-44E9-9609-55B7B16123F7}.Release|x64.Build.0 = Release|Any CPU
		{DAC7DF80-AA7B-44E9-9609-55B7B16123F7}.Release|x86.ActiveCfg = Release|Any CPU
		{DAC7DF80-AA7B-44E9-9609-55B7B16123F7}.Release|x86.Build.0 = Release|Any CPU
		{5E5F2930-0EB1-4182-847C-D576050383D2}.Debug|Any CPU.ActiveCfg = Debug|Any CPU
		{5E5F2930-0EB1-4182-847C-D576050383D2}.Debug|Any CPU.Build.0 = Debug|Any CPU
		{5E5F2930-0EB1-4182-847C-D576050383D2}.Debug|x64.ActiveCfg = Debug|Any CPU
		{5E5F2930-0EB1-4182-847C-D576050383D2}.Debug|x64.Build.0 = Debug|Any CPU
		{5E5F2930-0EB1-4182-847C-D576050383D2}.Debug|x86.ActiveCfg = Debug|Any CPU
		{5E5F2930-0EB1-4182-847C-D576050383D2}.Debug|x86.Build.0 = Debug|Any CPU
		{5E5F2930-0EB1-4182-847C-D576050383D2}.Release|Any CPU.ActiveCfg = Release|Any CPU
		{5E5F2930-0EB1-4182-847C-D576050383D2}.Release|Any CPU.Build.0 = Release|Any CPU
		{5E5F2930-0EB1-4182-847C-D576050383D2}.Release|x64.ActiveCfg = Release|Any CPU
		{5E5F2930-0EB1-4182-847C-D576050383D2}.Release|x64.Build.0 = Release|Any CPU
		{5E5F2930-0EB1-4182-847C-D576050383D2}.Release|x86.ActiveCfg = Release|Any CPU
		{5E5F2930-0EB1-4182-847C-D576050383D2}.Release|x86.Build.0 = Release|Any CPU
		{A7D541DB-AFA4-4805-BF7C-C248874321DE}.Debug|Any CPU.ActiveCfg = Debug|Any CPU
		{A7D541DB-AFA4-4805-BF7C-C248874321DE}.Debug|Any CPU.Build.0 = Debug|Any CPU
		{A7D541DB-AFA4-4805-BF7C-C248874321DE}.Debug|x64.ActiveCfg = Debug|Any CPU
		{A7D541DB-AFA4-4805-BF7C-C248874321DE}.Debug|x64.Build.0 = Debug|Any CPU
		{A7D541DB-AFA4-4805-BF7C-C248874321DE}.Debug|x86.ActiveCfg = Debug|Any CPU
		{A7D541DB-AFA4-4805-BF7C-C248874321DE}.Debug|x86.Build.0 = Debug|Any CPU
		{A7D541DB-AFA4-4805-BF7C-C248874321DE}.Release|Any CPU.ActiveCfg = Release|Any CPU
		{A7D541DB-AFA4-4805-BF7C-C248874321DE}.Release|Any CPU.Build.0 = Release|Any CPU
		{A7D541DB-AFA4-4805-BF7C-C248874321DE}.Release|x64.ActiveCfg = Release|Any CPU
		{A7D541DB-AFA4-4805-BF7C-C248874321DE}.Release|x64.Build.0 = Release|Any CPU
		{A7D541DB-AFA4-4805-BF7C-C248874321DE}.Release|x86.ActiveCfg = Release|Any CPU
		{A7D541DB-AFA4-4805-BF7C-C248874321DE}.Release|x86.Build.0 = Release|Any CPU
		{EF13207D-EF47-40D8-AEC8-E9D581AF2FD1}.Debug|Any CPU.ActiveCfg = Debug|Any CPU
		{EF13207D-EF47-40D8-AEC8-E9D581AF2FD1}.Debug|Any CPU.Build.0 = Debug|Any CPU
		{EF13207D-EF47-40D8-AEC8-E9D581AF2FD1}.Debug|x64.ActiveCfg = Debug|Any CPU
		{EF13207D-EF47-40D8-AEC8-E9D581AF2FD1}.Debug|x64.Build.0 = Debug|Any CPU
		{EF13207D-EF47-40D8-AEC8-E9D581AF2FD1}.Debug|x86.ActiveCfg = Debug|Any CPU
		{EF13207D-EF47-40D8-AEC8-E9D581AF2FD1}.Debug|x86.Build.0 = Debug|Any CPU
		{EF13207D-EF47-40D8-AEC8-E9D581AF2FD1}.Release|Any CPU.ActiveCfg = Release|Any CPU
		{EF13207D-EF47-40D8-AEC8-E9D581AF2FD1}.Release|Any CPU.Build.0 = Release|Any CPU
		{EF13207D-EF47-40D8-AEC8-E9D581AF2FD1}.Release|x64.ActiveCfg = Release|Any CPU
		{EF13207D-EF47-40D8-AEC8-E9D581AF2FD1}.Release|x64.Build.0 = Release|Any CPU
		{EF13207D-EF47-40D8-AEC8-E9D581AF2FD1}.Release|x86.ActiveCfg = Release|Any CPU
		{EF13207D-EF47-40D8-AEC8-E9D581AF2FD1}.Release|x86.Build.0 = Release|Any CPU
		{AA4138D8-E3FF-4AC4-8309-F6ED3572881C}.Debug|Any CPU.ActiveCfg = Debug|Any CPU
		{AA4138D8-E3FF-4AC4-8309-F6ED3572881C}.Debug|Any CPU.Build.0 = Debug|Any CPU
		{AA4138D8-E3FF-4AC4-8309-F6ED3572881C}.Debug|x64.ActiveCfg = Debug|Any CPU
		{AA4138D8-E3FF-4AC4-8309-F6ED3572881C}.Debug|x64.Build.0 = Debug|Any CPU
		{AA4138D8-E3FF-4AC4-8309-F6ED3572881C}.Debug|x86.ActiveCfg = Debug|Any CPU
		{AA4138D8-E3FF-4AC4-8309-F6ED3572881C}.Debug|x86.Build.0 = Debug|Any CPU
		{AA4138D8-E3FF-4AC4-8309-F6ED3572881C}.Release|Any CPU.ActiveCfg = Release|Any CPU
		{AA4138D8-E3FF-4AC4-8309-F6ED3572881C}.Release|Any CPU.Build.0 = Release|Any CPU
		{AA4138D8-E3FF-4AC4-8309-F6ED3572881C}.Release|x64.ActiveCfg = Release|Any CPU
		{AA4138D8-E3FF-4AC4-8309-F6ED3572881C}.Release|x64.Build.0 = Release|Any CPU
		{AA4138D8-E3FF-4AC4-8309-F6ED3572881C}.Release|x86.ActiveCfg = Release|Any CPU
		{AA4138D8-E3FF-4AC4-8309-F6ED3572881C}.Release|x86.Build.0 = Release|Any CPU
		{EF600237-056C-4F2B-BDEA-F28D7D2AB6ED}.Debug|Any CPU.ActiveCfg = Debug|Any CPU
		{EF600237-056C-4F2B-BDEA-F28D7D2AB6ED}.Debug|Any CPU.Build.0 = Debug|Any CPU
		{EF600237-056C-4F2B-BDEA-F28D7D2AB6ED}.Debug|x64.ActiveCfg = Debug|Any CPU
		{EF600237-056C-4F2B-BDEA-F28D7D2AB6ED}.Debug|x64.Build.0 = Debug|Any CPU
		{EF600237-056C-4F2B-BDEA-F28D7D2AB6ED}.Debug|x86.ActiveCfg = Debug|Any CPU
		{EF600237-056C-4F2B-BDEA-F28D7D2AB6ED}.Debug|x86.Build.0 = Debug|Any CPU
		{EF600237-056C-4F2B-BDEA-F28D7D2AB6ED}.Release|Any CPU.ActiveCfg = Release|Any CPU
		{EF600237-056C-4F2B-BDEA-F28D7D2AB6ED}.Release|Any CPU.Build.0 = Release|Any CPU
		{EF600237-056C-4F2B-BDEA-F28D7D2AB6ED}.Release|x64.ActiveCfg = Release|Any CPU
		{EF600237-056C-4F2B-BDEA-F28D7D2AB6ED}.Release|x64.Build.0 = Release|Any CPU
		{EF600237-056C-4F2B-BDEA-F28D7D2AB6ED}.Release|x86.ActiveCfg = Release|Any CPU
		{EF600237-056C-4F2B-BDEA-F28D7D2AB6ED}.Release|x86.Build.0 = Release|Any CPU
		{02EE6AC3-BB06-4B9C-BEA4-67043745BB88}.Debug|Any CPU.ActiveCfg = Debug|Any CPU
		{02EE6AC3-BB06-4B9C-BEA4-67043745BB88}.Debug|Any CPU.Build.0 = Debug|Any CPU
		{02EE6AC3-BB06-4B9C-BEA4-67043745BB88}.Debug|x64.ActiveCfg = Debug|Any CPU
		{02EE6AC3-BB06-4B9C-BEA4-67043745BB88}.Debug|x64.Build.0 = Debug|Any CPU
		{02EE6AC3-BB06-4B9C-BEA4-67043745BB88}.Debug|x86.ActiveCfg = Debug|Any CPU
		{02EE6AC3-BB06-4B9C-BEA4-67043745BB88}.Debug|x86.Build.0 = Debug|Any CPU
		{02EE6AC3-BB06-4B9C-BEA4-67043745BB88}.Release|Any CPU.ActiveCfg = Release|Any CPU
		{02EE6AC3-BB06-4B9C-BEA4-67043745BB88}.Release|Any CPU.Build.0 = Release|Any CPU
		{02EE6AC3-BB06-4B9C-BEA4-67043745BB88}.Release|x64.ActiveCfg = Release|Any CPU
		{02EE6AC3-BB06-4B9C-BEA4-67043745BB88}.Release|x64.Build.0 = Release|Any CPU
		{02EE6AC3-BB06-4B9C-BEA4-67043745BB88}.Release|x86.ActiveCfg = Release|Any CPU
		{02EE6AC3-BB06-4B9C-BEA4-67043745BB88}.Release|x86.Build.0 = Release|Any CPU
		{2132AECE-3A79-4CD9-867F-B7C165ED62D5}.Debug|Any CPU.ActiveCfg = Debug|Any CPU
		{2132AECE-3A79-4CD9-867F-B7C165ED62D5}.Debug|Any CPU.Build.0 = Debug|Any CPU
		{2132AECE-3A79-4CD9-867F-B7C165ED62D5}.Debug|x64.ActiveCfg = Debug|Any CPU
		{2132AECE-3A79-4CD9-867F-B7C165ED62D5}.Debug|x64.Build.0 = Debug|Any CPU
		{2132AECE-3A79-4CD9-867F-B7C165ED62D5}.Debug|x86.ActiveCfg = Debug|Any CPU
		{2132AECE-3A79-4CD9-867F-B7C165ED62D5}.Debug|x86.Build.0 = Debug|Any CPU
		{2132AECE-3A79-4CD9-867F-B7C165ED62D5}.Release|Any CPU.ActiveCfg = Release|Any CPU
		{2132AECE-3A79-4CD9-867F-B7C165ED62D5}.Release|Any CPU.Build.0 = Release|Any CPU
		{2132AECE-3A79-4CD9-867F-B7C165ED62D5}.Release|x64.ActiveCfg = Release|Any CPU
		{2132AECE-3A79-4CD9-867F-B7C165ED62D5}.Release|x64.Build.0 = Release|Any CPU
		{2132AECE-3A79-4CD9-867F-B7C165ED62D5}.Release|x86.ActiveCfg = Release|Any CPU
		{2132AECE-3A79-4CD9-867F-B7C165ED62D5}.Release|x86.Build.0 = Release|Any CPU
		{38D109D0-02E4-46FF-ABF1-BE4449543E4F}.Debug|Any CPU.ActiveCfg = Debug|Any CPU
		{38D109D0-02E4-46FF-ABF1-BE4449543E4F}.Debug|Any CPU.Build.0 = Debug|Any CPU
		{38D109D0-02E4-46FF-ABF1-BE4449543E4F}.Debug|x64.ActiveCfg = Debug|Any CPU
		{38D109D0-02E4-46FF-ABF1-BE4449543E4F}.Debug|x64.Build.0 = Debug|Any CPU
		{38D109D0-02E4-46FF-ABF1-BE4449543E4F}.Debug|x86.ActiveCfg = Debug|Any CPU
		{38D109D0-02E4-46FF-ABF1-BE4449543E4F}.Debug|x86.Build.0 = Debug|Any CPU
		{38D109D0-02E4-46FF-ABF1-BE4449543E4F}.Release|Any CPU.ActiveCfg = Release|Any CPU
		{38D109D0-02E4-46FF-ABF1-BE4449543E4F}.Release|Any CPU.Build.0 = Release|Any CPU
		{38D109D0-02E4-46FF-ABF1-BE4449543E4F}.Release|x64.ActiveCfg = Release|Any CPU
		{38D109D0-02E4-46FF-ABF1-BE4449543E4F}.Release|x64.Build.0 = Release|Any CPU
		{38D109D0-02E4-46FF-ABF1-BE4449543E4F}.Release|x86.ActiveCfg = Release|Any CPU
		{38D109D0-02E4-46FF-ABF1-BE4449543E4F}.Release|x86.Build.0 = Release|Any CPU
		{CEF310A9-065E-4031-96C9-CD571E70C9BF}.Debug|Any CPU.ActiveCfg = Debug|Any CPU
		{CEF310A9-065E-4031-96C9-CD571E70C9BF}.Debug|Any CPU.Build.0 = Debug|Any CPU
		{CEF310A9-065E-4031-96C9-CD571E70C9BF}.Debug|x64.ActiveCfg = Debug|Any CPU
		{CEF310A9-065E-4031-96C9-CD571E70C9BF}.Debug|x64.Build.0 = Debug|Any CPU
		{CEF310A9-065E-4031-96C9-CD571E70C9BF}.Debug|x86.ActiveCfg = Debug|Any CPU
		{CEF310A9-065E-4031-96C9-CD571E70C9BF}.Debug|x86.Build.0 = Debug|Any CPU
		{CEF310A9-065E-4031-96C9-CD571E70C9BF}.Release|Any CPU.ActiveCfg = Release|Any CPU
		{CEF310A9-065E-4031-96C9-CD571E70C9BF}.Release|Any CPU.Build.0 = Release|Any CPU
		{CEF310A9-065E-4031-96C9-CD571E70C9BF}.Release|x64.ActiveCfg = Release|Any CPU
		{CEF310A9-065E-4031-96C9-CD571E70C9BF}.Release|x64.Build.0 = Release|Any CPU
		{CEF310A9-065E-4031-96C9-CD571E70C9BF}.Release|x86.ActiveCfg = Release|Any CPU
		{CEF310A9-065E-4031-96C9-CD571E70C9BF}.Release|x86.Build.0 = Release|Any CPU
		{EB4AED9A-793A-4C1A-AF57-816E8F47E425}.Debug|Any CPU.ActiveCfg = Debug|Any CPU
		{EB4AED9A-793A-4C1A-AF57-816E8F47E425}.Debug|Any CPU.Build.0 = Debug|Any CPU
		{EB4AED9A-793A-4C1A-AF57-816E8F47E425}.Debug|x64.ActiveCfg = Debug|Any CPU
		{EB4AED9A-793A-4C1A-AF57-816E8F47E425}.Debug|x64.Build.0 = Debug|Any CPU
		{EB4AED9A-793A-4C1A-AF57-816E8F47E425}.Debug|x86.ActiveCfg = Debug|Any CPU
		{EB4AED9A-793A-4C1A-AF57-816E8F47E425}.Debug|x86.Build.0 = Debug|Any CPU
		{EB4AED9A-793A-4C1A-AF57-816E8F47E425}.Release|Any CPU.ActiveCfg = Release|Any CPU
		{EB4AED9A-793A-4C1A-AF57-816E8F47E425}.Release|Any CPU.Build.0 = Release|Any CPU
		{EB4AED9A-793A-4C1A-AF57-816E8F47E425}.Release|x64.ActiveCfg = Release|Any CPU
		{EB4AED9A-793A-4C1A-AF57-816E8F47E425}.Release|x64.Build.0 = Release|Any CPU
		{EB4AED9A-793A-4C1A-AF57-816E8F47E425}.Release|x86.ActiveCfg = Release|Any CPU
		{EB4AED9A-793A-4C1A-AF57-816E8F47E425}.Release|x86.Build.0 = Release|Any CPU
	EndGlobalSection
	GlobalSection(SolutionProperties) = preSolution
		HideSolutionNode = FALSE
	EndGlobalSection
	GlobalSection(NestedProjects) = preSolution
		{019909B9-6692-4F84-B8B7-9744FEE1CD3D} = {D9E7374E-F46F-4B05-865F-EA8C6A3827CA}
		{1762F648-617B-48C4-982A-2290DCA7DC5A} = {019909B9-6692-4F84-B8B7-9744FEE1CD3D}
		{71D163E6-D74D-4D27-863C-DAEAF833FAD3} = {019909B9-6692-4F84-B8B7-9744FEE1CD3D}
		{D379C6CC-CF86-4FF0-AB06-E604D51FCB0F} = {019909B9-6692-4F84-B8B7-9744FEE1CD3D}
		{E93F012A-9628-480B-B0D3-53D76FE9DC1C} = {019909B9-6692-4F84-B8B7-9744FEE1CD3D}
		{256C6942-C9B5-4886-A2C5-568465FACEC1} = {019909B9-6692-4F84-B8B7-9744FEE1CD3D}
		{BD690636-BE98-4E82-98D5-F56EBD28CB36} = {019909B9-6692-4F84-B8B7-9744FEE1CD3D}
		{45B17F62-F23D-47A5-954E-B5B982BC6690} = {019909B9-6692-4F84-B8B7-9744FEE1CD3D}
		{EBB50EC2-F36E-443E-AB71-F1C0074337C9} = {019909B9-6692-4F84-B8B7-9744FEE1CD3D}
		{BDBDDCB7-5EEE-42A5-9070-5E25513A591B} = {D9E7374E-F46F-4B05-865F-EA8C6A3827CA}
		{D85E122D-90DB-4499-B4B6-69A655B28047} = {BDBDDCB7-5EEE-42A5-9070-5E25513A591B}
		{53131D9B-3611-475E-9397-5EBFC20B9D6C} = {BDBDDCB7-5EEE-42A5-9070-5E25513A591B}
		{B2414463-A446-4594-9936-C1F89E21A90D} = {BDBDDCB7-5EEE-42A5-9070-5E25513A591B}
		{590366E1-942A-46EE-8C10-DDD2EAF0EB3E} = {BDBDDCB7-5EEE-42A5-9070-5E25513A591B}
		{FDB011FA-012D-410D-8F78-908D190A3C45} = {BDBDDCB7-5EEE-42A5-9070-5E25513A591B}
		{A9D87DDB-C498-449C-AEA5-63BE4F792ED6} = {BDBDDCB7-5EEE-42A5-9070-5E25513A591B}
		{19071BE3-D624-4D6C-B4B7-F5A7AA1C6245} = {772EC752-B3E0-45E7-8689-93D8BAC4EF49}
		{1FC32A7C-D8F7-4F37-B849-F2A796A55094} = {19071BE3-D624-4D6C-B4B7-F5A7AA1C6245}
		{931D84D9-1A66-46AA-8D24-A0771D9BDBAB} = {772EC752-B3E0-45E7-8689-93D8BAC4EF49}
		{DAC7DF80-AA7B-44E9-9609-55B7B16123F7} = {931D84D9-1A66-46AA-8D24-A0771D9BDBAB}
		{5E5F2930-0EB1-4182-847C-D576050383D2} = {931D84D9-1A66-46AA-8D24-A0771D9BDBAB}
		{A7D541DB-AFA4-4805-BF7C-C248874321DE} = {931D84D9-1A66-46AA-8D24-A0771D9BDBAB}
		{EF13207D-EF47-40D8-AEC8-E9D581AF2FD1} = {931D84D9-1A66-46AA-8D24-A0771D9BDBAB}
		{4B198686-FF96-4E1F-BEE8-1F7C7D5E00B3} = {772EC752-B3E0-45E7-8689-93D8BAC4EF49}
		{AA4138D8-E3FF-4AC4-8309-F6ED3572881C} = {4B198686-FF96-4E1F-BEE8-1F7C7D5E00B3}
		{EF600237-056C-4F2B-BDEA-F28D7D2AB6ED} = {4B198686-FF96-4E1F-BEE8-1F7C7D5E00B3}
		{02EE6AC3-BB06-4B9C-BEA4-67043745BB88} = {16622228-5E7B-45AF-BE26-A7D4722E3745}
		{2132AECE-3A79-4CD9-867F-B7C165ED62D5} = {16622228-5E7B-45AF-BE26-A7D4722E3745}
		{38D109D0-02E4-46FF-ABF1-BE4449543E4F} = {019909B9-6692-4F84-B8B7-9744FEE1CD3D}
		{CEF310A9-065E-4031-96C9-CD571E70C9BF} = {BDBDDCB7-5EEE-42A5-9070-5E25513A591B}
		{EB4AED9A-793A-4C1A-AF57-816E8F47E425} = {019909B9-6692-4F84-B8B7-9744FEE1CD3D}
	EndGlobalSection
	GlobalSection(ExtensibilityGlobals) = postSolution
		SolutionGuid = {A2DBAF7D-DD3D-4CCA-B70C-AA953ACDB94E}
	EndGlobalSection
EndGlobal
